<?xml version="1.0" encoding="utf-8"?>
<Project ToolsVersion="4.0" xmlns="http://schemas.microsoft.com/developer/msbuild/2003">
  <ItemGroup>
    <Filter Include="Source Files">
      <UniqueIdentifier>{2eb9e0a2-f669-42a1-b8b9-45f88325fa52}</UniqueIdentifier>
      <Extensions>cpp;c;cxx;rc;def;r;odl;idl;hpj;bat</Extensions>
    </Filter>
    <Filter Include="Header Files">
      <UniqueIdentifier>{fa9865c2-ffd2-4dac-9cdf-6045dd231f73}</UniqueIdentifier>
      <Extensions>h;hpp;hxx;hm;inl</Extensions>
    </Filter>
    <Filter Include="Common Include Files">
      <UniqueIdentifier>{fcd14a81-6934-4334-8c7d-c468f09aed43}</UniqueIdentifier>
      <Extensions>h</Extensions>
    </Filter>
  </ItemGroup>
  <ItemGroup>
    <ClCompile Include="CryptographyExt.cpp">
      <Filter>Source Files</Filter>
    </ClCompile>
    <ClCompile Include="D3DCamera.cpp">
      <Filter>Source Files</Filter>
    </ClCompile>
    <ClCompile Include="D3DDevice.cpp">
      <Filter>Source Files</Filter>
    </ClCompile>
    <ClCompile Include="D3DFont.cpp">
      <Filter>Source Files</Filter>
    </ClCompile>
    <ClCompile Include="D3DImage.cpp">
      <Filter>Source Files</Filter>
    </ClCompile>
    <ClCompile Include="D3DLight.cpp">
      <Filter>Source Files</Filter>
    </ClCompile>
    <ClCompile Include="D3DSound.cpp">
      <Filter>Source Files</Filter>
    </ClCompile>
    <ClCompile Include="FrameGroup.cpp">
      <Filter>Source Files</Filter>
    </ClCompile>
    <ClCompile Include="Packet.cpp">
      <Filter>Source Files</Filter>
    </ClCompile>
    <ClCompile Include="StdAfx.cpp">
      <Filter>Source Files</Filter>
    </ClCompile>
    <ClCompile Include="T3DMusic.cpp">
      <Filter>Source Files</Filter>
    </ClCompile>
    <ClCompile Include="T3DTexture.cpp">
      <Filter>Source Files</Filter>
    </ClCompile>
    <ClCompile Include="TachyonAnimation.cpp">
      <Filter>Source Files</Filter>
    </ClCompile>
    <ClCompile Include="TachyonApp.cpp">
      <Filter>Source Files</Filter>
    </ClCompile>
    <ClCompile Include="TachyonBSPMAP.cpp">
      <Filter>Source Files</Filter>
    </ClCompile>
    <ClCompile Include="TachyonCompressor.cpp">
      <Filter>Source Files</Filter>
    </ClCompile>
    <ClCompile Include="TachyonEXTMAP.cpp">
      <Filter>Source Files</Filter>
    </ClCompile>
    <ClCompile Include="TachyonHUGEMAP.cpp">
      <Filter>Source Files</Filter>
    </ClCompile>
    <ClCompile Include="TachyonMAP.cpp">
      <Filter>Source Files</Filter>
    </ClCompile>
    <ClCompile Include="TachyonMedia.cpp">
      <Filter>Source Files</Filter>
    </ClCompile>
    <ClCompile Include="TachyonMesh.cpp">
      <Filter>Source Files</Filter>
    </ClCompile>
    <ClCompile Include="TachyonObject.cpp">
      <Filter>Source Files</Filter>
    </ClCompile>
    <ClCompile Include="TachyonRes.cpp">
      <Filter>Source Files</Filter>
    </ClCompile>
    <ClCompile Include="TachyonSession.cpp">
      <Filter>Source Files</Filter>
    </ClCompile>
    <ClCompile Include="TachyonSFX.cpp">
      <Filter>Source Files</Filter>
    </ClCompile>
    <ClCompile Include="TachyonSlashSFX.cpp">
      <Filter>Source Files</Filter>
    </ClCompile>
    <ClCompile Include="TachyonWnd.cpp">
      <Filter>Source Files</Filter>
    </ClCompile>
    <ClCompile Include="TBitStream.cpp">
      <Filter>Source Files</Filter>
    </ClCompile>
    <ClCompile Include="TBSPNode.cpp">
      <Filter>Source Files</Filter>
    </ClCompile>
    <ClCompile Include="TBSPPortal.cpp">
      <Filter>Source Files</Filter>
    </ClCompile>
    <ClCompile Include="TConsole.cpp">
      <Filter>Source Files</Filter>
    </ClCompile>
    <ClCompile Include="TDynamicBillboard.cpp">
      <Filter>Source Files</Filter>
    </ClCompile>
    <ClCompile Include="TMath.cpp">
      <Filter>Source Files</Filter>
    </ClCompile>
    <ClCompile Include="TModuleProtector.cpp">
      <Filter>Source Files</Filter>
    </ClCompile>
    <ClCompile Include="TNICEventSink.cpp">
      <Filter>Source Files</Filter>
    </ClCompile>
    <ClCompile Include="TProfile.cpp">
      <Filter>Source Files</Filter>
    </ClCompile>
    <ClCompile Include="TShow.cpp">
      <Filter>Source Files</Filter>
    </ClCompile>
  </ItemGroup>
  <ItemGroup>
    <ClInclude Include="CryptographyExt.h">
      <Filter>Header Files</Filter>
    </ClInclude>
    <ClInclude Include="D3DCamera.h">
      <Filter>Header Files</Filter>
    </ClInclude>
    <ClInclude Include="D3DDevice.h">
      <Filter>Header Files</Filter>
    </ClInclude>
    <ClInclude Include="D3DFont.h">
      <Filter>Header Files</Filter>
    </ClInclude>
    <ClInclude Include="D3DImage.h">
      <Filter>Header Files</Filter>
    </ClInclude>
    <ClInclude Include="D3DLight.h">
      <Filter>Header Files</Filter>
    </ClInclude>
    <ClInclude Include="D3DSound.h">
      <Filter>Header Files</Filter>
    </ClInclude>
    <ClInclude Include="D3DSphere.h">
      <Filter>Header Files</Filter>
    </ClInclude>
    <ClInclude Include="FrameGroup.h">
      <Filter>Header Files</Filter>
    </ClInclude>
    <ClInclude Include="Packet.h">
      <Filter>Header Files</Filter>
    </ClInclude>
    <ClInclude Include="StdAfx.h">
      <Filter>Header Files</Filter>
    </ClInclude>
    <ClInclude Include="T3DMusic.h">
      <Filter>Header Files</Filter>
    </ClInclude>
    <ClInclude Include="T3DTexture.h">
      <Filter>Header Files</Filter>
    </ClInclude>
    <ClInclude Include="TachyonAnimation.h">
      <Filter>Header Files</Filter>
    </ClInclude>
    <ClInclude Include="TachyonApp.h">
      <Filter>Header Files</Filter>
    </ClInclude>
    <ClInclude Include="TachyonBSPMAP.h">
      <Filter>Header Files</Filter>
    </ClInclude>
    <ClInclude Include="TachyonCompressor.h">
      <Filter>Header Files</Filter>
    </ClInclude>
    <ClInclude Include="TachyonEXTMAP.h">
      <Filter>Header Files</Filter>
    </ClInclude>
    <ClInclude Include="TachyonHUGEMAP.h">
      <Filter>Header Files</Filter>
    </ClInclude>
    <ClInclude Include="TachyonMAP.h">
      <Filter>Header Files</Filter>
    </ClInclude>
    <ClInclude Include="TachyonMedia.h">
      <Filter>Header Files</Filter>
    </ClInclude>
    <ClInclude Include="TachyonMesh.h">
      <Filter>Header Files</Filter>
    </ClInclude>
    <ClInclude Include="TachyonObject.h">
      <Filter>Header Files</Filter>
    </ClInclude>
    <ClInclude Include="TachyonRes.h">
      <Filter>Header Files</Filter>
    </ClInclude>
    <ClInclude Include="TachyonSession.h">
      <Filter>Header Files</Filter>
    </ClInclude>
    <ClInclude Include="TachyonSFX.h">
      <Filter>Header Files</Filter>
    </ClInclude>
    <ClInclude Include="TachyonSlashSFX.h">
      <Filter>Header Files</Filter>
    </ClInclude>
    <ClInclude Include="TachyonWnd.h">
      <Filter>Header Files</Filter>
    </ClInclude>
    <ClInclude Include="TBitStream.h">
      <Filter>Header Files</Filter>
    </ClInclude>
    <ClInclude Include="TBSPNode.h">
      <Filter>Header Files</Filter>
    </ClInclude>
    <ClInclude Include="TBSPPortal.h">
      <Filter>Header Files</Filter>
    </ClInclude>
    <ClInclude Include="TConsole.h">
      <Filter>Header Files</Filter>
    </ClInclude>
    <ClInclude Include="TDynamicBillboard.h">
      <Filter>Header Files</Filter>
    </ClInclude>
    <ClInclude Include="TMath.h">
      <Filter>Header Files</Filter>
    </ClInclude>
    <ClInclude Include="TModuleProtector.h">
      <Filter>Header Files</Filter>
    </ClInclude>
    <ClInclude Include="TNICEventSink.h">
      <Filter>Header Files</Filter>
    </ClInclude>
    <ClInclude Include="TProfile.h">
      <Filter>Header Files</Filter>
    </ClInclude>
    <ClInclude Include="TShow.h">
      <Filter>Header Files</Filter>
    </ClInclude>
    <ClInclude Include="T3D.h">
      <Filter>Common Include Files</Filter>
    </ClInclude>
  </ItemGroup>
  <ItemGroup>
    <Text Include="Readme.txt" />
  </ItemGroup>
</Project>