
Microsoft Visual Studio Solution File, Format Version 12.00
# Visual Studio 15
VisualStudioVersion = 15.0.27428.2005
MinimumVisualStudioVersion = 10.0.40219.1
Project("{8BC9CEB8-8B4A-11D0-8D11-00A0C91BC942}") = "TachyonShader", "TachyonShader\TachyonShader.vcxproj", "{C79359DB-C65F-45D9-9546-EA8EB43D5D1E}"
EndProject
Global
	GlobalSection(SolutionConfigurationPlatforms) = preSolution
		Debug|x86 = Debug|x86
		Hybrid|x86 = Hybrid|x86
		Release NEW_IF|x86 = Release NEW_IF|x86
		Release|x86 = Release|x86
	EndGlobalSection
	GlobalSection(ProjectConfigurationPlatforms) = postSolution
		{C79359DB-C65F-45D9-9546-EA8EB43D5D1E}.Debug|x86.ActiveCfg = Debug|Win32
		{C79359DB-C65F-45D9-9546-EA8EB43D5D1E}.Debug|x86.Build.0 = Debug|Win32
		{C79359DB-C65F-45D9-9546-EA8EB43D5D1E}.Hybrid|x86.ActiveCfg = Hybrid|Win32
		{C79359DB-C65F-45D9-9546-EA8EB43D5D1E}.Hybrid|x86.Build.0 = Hybrid|Win32
		{C79359DB-C65F-45D9-9546-EA8EB43D5D1E}.Release NEW_IF|x86.ActiveCfg = Release NEW_IF|Win32
		{C79359DB-C65F-45D9-9546-EA8EB43D5D1E}.Release NEW_IF|x86.Build.0 = Release NEW_IF|Win32
		{C79359DB-C65F-45D9-9546-EA8EB43D5D1E}.Release|x86.ActiveCfg = Release|Win32
		{C79359DB-C65F-45D9-9546-EA8EB43D5D1E}.Release|x86.Build.0 = Release|Win32
	EndGlobalSection
	GlobalSection(SolutionProperties) = preSolution
		HideSolutionNode = FALSE
	EndGlobalSection
	GlobalSection(ExtensibilityGlobals) = postSolution
		SolutionGuid = {17BF66E2-DF68-4EFE-9A1F-F57F0CCFCA0A}
	EndGlobalSection
EndGlobal
