<?xml version="1.0" encoding="utf-8"?>
<Project ToolsVersion="4.0" xmlns="http://schemas.microsoft.com/developer/msbuild/2003">
  <ItemGroup>
    <Filter Include="Resource Files">
      <UniqueIdentifier>{96a3032d-3f87-4f04-946e-cbe5c1b80cd6}</UniqueIdentifier>
      <Extensions>rc;ico;cur;bmp;dlg;rc2;rct;bin;rgs;jpg;jpeg;jpe;manifest</Extensions>
    </Filter>
    <Filter Include="Interface">
      <UniqueIdentifier>{fe7fead7-2449-40d9-af88-4ca24dec12c6}</UniqueIdentifier>
    </Filter>
    <Filter Include="Interface\Guild">
      <UniqueIdentifier>{e78bf829-e78a-4247-aafa-a7bd582af1fe}</UniqueIdentifier>
    </Filter>
    <Filter Include="Interface\DetailInfo">
      <UniqueIdentifier>{4317164a-32b3-4265-88ea-c7809bb1291b}</UniqueIdentifier>
    </Filter>
    <Filter Include="Interface\Messenger&amp;Mail">
      <UniqueIdentifier>{d881c430-9f0d-4ff9-b6cf-b4cabdf27062}</UniqueIdentifier>
    </Filter>
    <Filter Include="Interface\Pet">
      <UniqueIdentifier>{0cb57716-4bc8-4c94-bd65-f81a24368b03}</UniqueIdentifier>
    </Filter>
    <Filter Include="Interface\Item">
      <UniqueIdentifier>{4fe9fff8-a1c8-4c6c-8092-36f29b3a856c}</UniqueIdentifier>
    </Filter>
    <Filter Include="Interface\Quest">
      <UniqueIdentifier>{aae969ee-d4ba-4ccf-bdf0-23773c0d4441}</UniqueIdentifier>
    </Filter>
    <Filter Include="Interface\Chatting">
      <UniqueIdentifier>{a684bae0-ab66-4f2e-a8ff-38f2c5a65b86}</UniqueIdentifier>
    </Filter>
    <Filter Include="Interface\Map">
      <UniqueIdentifier>{85189480-d2df-40db-988a-10a5fc372860}</UniqueIdentifier>
    </Filter>
    <Filter Include="Interface\Shop &amp; Cabinet &amp; Trade">
      <UniqueIdentifier>{a81b289f-2cfb-43bb-972a-5dff8a818813}</UniqueIdentifier>
    </Filter>
    <Filter Include="Interface\Skill">
      <UniqueIdentifier>{b173fe6b-fa5a-4587-ae5b-bc4e69fab829}</UniqueIdentifier>
    </Filter>
    <Filter Include="Interface\RSCS">
      <UniqueIdentifier>{337d57f7-c230-4921-a41b-af596781edd5}</UniqueIdentifier>
    </Filter>
    <Filter Include="Interface\Help">
      <UniqueIdentifier>{8ac6cd7d-3493-45ed-abf1-8dab45934fe0}</UniqueIdentifier>
    </Filter>
    <Filter Include="Interface\Gauage Pannel">
      <UniqueIdentifier>{c04d6094-f0c1-435c-be00-7cca99955281}</UniqueIdentifier>
    </Filter>
    <Filter Include="Interface\Popup">
      <UniqueIdentifier>{77aecf2d-5fe9-4812-8489-a2f4277b8090}</UniqueIdentifier>
    </Filter>
    <Filter Include="Interface\Inven">
      <UniqueIdentifier>{ac0bb79b-0f14-4a83-8d79-d3bbd161fed9}</UniqueIdentifier>
    </Filter>
    <Filter Include="Interface\SystemMenu">
      <UniqueIdentifier>{dca138b8-6dbb-431f-a4a5-159c4cbfcd8c}</UniqueIdentifier>
    </Filter>
    <Filter Include="Interface\Main">
      <UniqueIdentifier>{9051b0ad-b683-408f-ab30-3a973c2c159c}</UniqueIdentifier>
    </Filter>
    <Filter Include="Interface\Candidate">
      <UniqueIdentifier>{2e3dada4-1a69-41c9-b3a0-74492aa617be}</UniqueIdentifier>
    </Filter>
    <Filter Include="Interface\Base">
      <UniqueIdentifier>{b7625ef1-4280-48d8-8b40-5529cc63e593}</UniqueIdentifier>
    </Filter>
    <Filter Include="Interface\CustomComp">
      <UniqueIdentifier>{e8d70cc4-116b-4412-bccb-2595e11bb8bd}</UniqueIdentifier>
    </Filter>
    <Filter Include="Interface\Siege">
      <UniqueIdentifier>{6109755f-b388-4367-a901-cc1f482328c7}</UniqueIdentifier>
    </Filter>
    <Filter Include="Interface\Auction">
      <UniqueIdentifier>{aed40e3b-408b-4617-94fe-ec7a374caaf6}</UniqueIdentifier>
    </Filter>
    <Filter Include="Interface\Auction\MainFrame">
      <UniqueIdentifier>{abe4149e-b3fc-4f90-a612-fe1f0144aea4}</UniqueIdentifier>
    </Filter>
    <Filter Include="Interface\Auction\InnerFrame">
      <UniqueIdentifier>{e7614c72-8392-414d-bc55-148d9345d070}</UniqueIdentifier>
    </Filter>
    <Filter Include="Interface\Auction\InnerFrame\Interface">
      <UniqueIdentifier>{dfd84161-432b-45d3-911a-c5e8015babd3}</UniqueIdentifier>
    </Filter>
    <Filter Include="Interface\Auction\Utiltiy">
      <UniqueIdentifier>{ae3dcdd6-e3c7-4c11-b238-4501cfa2b89a}</UniqueIdentifier>
    </Filter>
    <Filter Include="Interface\Fame">
      <UniqueIdentifier>{0bfa9292-cf6b-4086-bc2f-7f27684548f9}</UniqueIdentifier>
    </Filter>
    <Filter Include="Interface\Tournament">
      <UniqueIdentifier>{5e3a8d10-45d6-4190-a731-af0b5b2e8cbe}</UniqueIdentifier>
    </Filter>
    <Filter Include="Interface\Welcome">
      <UniqueIdentifier>{9305904d-eda1-4b8a-a2a1-e3c45d193d2b}</UniqueIdentifier>
    </Filter>
    <Filter Include="Interface\RPS">
      <UniqueIdentifier>{8e029ecb-6a44-415c-8c38-895de709fd2f}</UniqueIdentifier>
    </Filter>
    <Filter Include="Interface\Challenge">
      <UniqueIdentifier>{6fa6402e-f575-4fd3-a364-1508806e91e5}</UniqueIdentifier>
    </Filter>
    <Filter Include="Interface\Country">
      <UniqueIdentifier>{d9ed1d27-4726-4d23-a4af-ba412151aac8}</UniqueIdentifier>
    </Filter>
    <Filter Include="Interface\Title">
      <UniqueIdentifier>{9978fb79-6b0d-4eef-8625-8cb7b3797eb1}</UniqueIdentifier>
    </Filter>
    <Filter Include="Interface\Skygarden">
      <UniqueIdentifier>{a7500d14-687a-4384-95c6-f5a81d5c99b1}</UniqueIdentifier>
    </Filter>
    <Filter Include="Interface\RankingNew">
      <UniqueIdentifier>{da5e10fc-39bb-4ff6-b51c-739b335226ee}</UniqueIdentifier>
    </Filter>
    <Filter Include="Interface\SoulLottery">
      <UniqueIdentifier>{e550397c-db26-4a2a-b21b-e03413f92348}</UniqueIdentifier>
    </Filter>
    <Filter Include="Lobby">
      <UniqueIdentifier>{aecb07aa-c545-4f35-a6a7-488041cba837}</UniqueIdentifier>
    </Filter>
    <Filter Include="Game">
      <UniqueIdentifier>{cc94e9b5-1735-443a-8233-f23d001f0891}</UniqueIdentifier>
    </Filter>
    <Filter Include="Game\Siege">
      <UniqueIdentifier>{aa2791a4-6384-4490-86c1-0590c4d711a0}</UniqueIdentifier>
    </Filter>
    <Filter Include="Game\Item">
      <UniqueIdentifier>{c91d138f-975d-41f2-9bba-06c4179660a2}</UniqueIdentifier>
    </Filter>
    <Filter Include="Game\Quest">
      <UniqueIdentifier>{97c6d066-d2f2-4a63-8b60-d576ec3e6e59}</UniqueIdentifier>
    </Filter>
    <Filter Include="Game\Party">
      <UniqueIdentifier>{e111f494-e995-4017-8ca2-9b8c86345814}</UniqueIdentifier>
    </Filter>
    <Filter Include="Game\Skill">
      <UniqueIdentifier>{027a405e-f92b-4df1-a4c4-6444a9856a3d}</UniqueIdentifier>
    </Filter>
    <Filter Include="Game\Scene">
      <UniqueIdentifier>{15282dc1-27a5-4cdb-8b30-385b4699bbd6}</UniqueIdentifier>
    </Filter>
    <Filter Include="Game\KeyInput">
      <UniqueIdentifier>{0f47b8df-a1c3-4c5e-b302-7e3da47edc49}</UniqueIdentifier>
    </Filter>
    <Filter Include="Game\In-GameUI">
      <UniqueIdentifier>{92958f30-7a4b-4749-a48b-a4a620561709}</UniqueIdentifier>
    </Filter>
    <Filter Include="Game\PathFinding">
      <UniqueIdentifier>{bcdd98aa-af82-47a9-b03c-09702f49d0d7}</UniqueIdentifier>
    </Filter>
    <Filter Include="Game\GameObject">
      <UniqueIdentifier>{8461f71e-4389-4002-8ea5-f462e18ac6b4}</UniqueIdentifier>
    </Filter>
    <Filter Include="Game\Map">
      <UniqueIdentifier>{51a3dcc8-7c7f-403a-ac0f-0b2d198ccb7e}</UniqueIdentifier>
    </Filter>
    <Filter Include="Game\Camera">
      <UniqueIdentifier>{ceff5a11-a4ed-4e6a-9caf-2adacc5011a4}</UniqueIdentifier>
    </Filter>
    <Filter Include="Game\SFX">
      <UniqueIdentifier>{71724988-d362-46e8-bba0-bf7b72c4f5d0}</UniqueIdentifier>
    </Filter>
    <Filter Include="Game\Curse">
      <UniqueIdentifier>{5d2a4f67-4ee4-41e8-90e2-030aa6175f77}</UniqueIdentifier>
    </Filter>
    <Filter Include="Game\TextLink">
      <UniqueIdentifier>{4f454da1-9b8b-4f41-8d47-266babe89ba9}</UniqueIdentifier>
    </Filter>
    <Filter Include="Game\Utility">
      <UniqueIdentifier>{e63089fc-e5a7-4c21-9cb4-01a5796bb932}</UniqueIdentifier>
    </Filter>
    <Filter Include="Client">
      <UniqueIdentifier>{89775eb8-75b4-4404-bc9c-4f4c610812cf}</UniqueIdentifier>
    </Filter>
    <Filter Include="Client\Web">
      <UniqueIdentifier>{8635f29a-7565-4c62-9a02-45ea9402c526}</UniqueIdentifier>
    </Filter>
    <Filter Include="Client\MD5">
      <UniqueIdentifier>{d5825ffa-c038-4897-a5f7-9e2f59602996}</UniqueIdentifier>
    </Filter>
    <Filter Include="Client\Error Handler">
      <UniqueIdentifier>{04fe8771-9da9-4299-99f9-c8367b925bac}</UniqueIdentifier>
    </Filter>
    <Filter Include="Client\Packet Spy">
      <UniqueIdentifier>{80978de0-3f17-4fd4-ba77-a5a043937c20}</UniqueIdentifier>
    </Filter>
    <Filter Include="Global">
      <UniqueIdentifier>{68afa6e4-5872-496c-abdb-c0ddfece09c7}</UniqueIdentifier>
    </Filter>
    <Filter Include="Interface\Utilitybar">
      <UniqueIdentifier>{44611303-8aa0-4ce2-ab69-e7a81ee35d72}</UniqueIdentifier>
    </Filter>
  </ItemGroup>
  <ItemGroup>
    <Text Include="res\Curse.txt">
      <Filter>Resource Files</Filter>
    </Text>
    <Text Include="res\Curse_GSP.txt" />
  </ItemGroup>
  <ItemGroup>
    <None Include="res\cursor1.cur">
      <Filter>Resource Files</Filter>
    </None>
    <None Include="res\Hand.cur">
      <Filter>Resource Files</Filter>
    </None>
    <None Include="res\Routing.cur">
      <Filter>Resource Files</Filter>
    </None>
    <None Include="res\Sword.cur">
      <Filter>Resource Files</Filter>
    </None>
    <None Include="res\Talk.cur">
      <Filter>Resource Files</Filter>
    </None>
    <None Include="res\TClient.rc2">
      <Filter>Resource Files</Filter>
    </None>
  </ItemGroup>
  <ItemGroup>
    <Image Include="res\TClient.ico">
      <Filter>Resource Files</Filter>
    </Image>
  </ItemGroup>
  <ItemGroup>
    <Manifest Include="TClient.manifest">
      <Filter>Resource Files</Filter>
    </Manifest>
  </ItemGroup>
  <ItemGroup>
    <ResourceCompile Include="TClient.rc">
      <Filter>Resource Files</Filter>
    </ResourceCompile>
  </ItemGroup>
  <ItemGroup>
    <ClCompile Include="TClientGuildMark.cpp">
      <Filter>Interface\Guild</Filter>
    </ClCompile>
    <ClCompile Include="TCommunityDlg.cpp">
      <Filter>Interface\Guild</Filter>
    </ClCompile>
    <ClCompile Include="TGuildAppInnerFrame.cpp">
      <Filter>Interface\Guild</Filter>
    </ClCompile>
    <ClCompile Include="TGuildApplicationDlg.cpp">
      <Filter>Interface\Guild</Filter>
    </ClCompile>
    <ClCompile Include="TGuildCabinetDlg.cpp">
      <Filter>Interface\Guild</Filter>
    </ClCompile>
    <ClCompile Include="TGuildCmdHelpDlg.cpp">
      <Filter>Interface\Guild</Filter>
    </ClCompile>
    <ClCompile Include="TGuildCommander.cpp">
      <Filter>Interface\Guild</Filter>
    </ClCompile>
    <ClCompile Include="TGuildExpDonDlg.cpp">
      <Filter>Interface\Guild</Filter>
    </ClCompile>
    <ClCompile Include="TGuildMarkMakeDlg.cpp">
      <Filter>Interface\Guild</Filter>
    </ClCompile>
    <ClCompile Include="TGuildMemberFrame.cpp">
      <Filter>Interface\Guild</Filter>
    </ClCompile>
    <ClCompile Include="TGuildMoneyDonDlg.cpp">
      <Filter>Interface\Guild</Filter>
    </ClCompile>
    <ClCompile Include="TGuildNormalFrame.cpp">
      <Filter>Interface\Guild</Filter>
    </ClCompile>
    <ClCompile Include="TGuildNotifyDlg.cpp">
      <Filter>Interface\Guild</Filter>
    </ClCompile>
    <ClCompile Include="TGuildOfferFrame.cpp">
      <Filter>Interface\Guild</Filter>
    </ClCompile>
    <ClCompile Include="TGuildPointLogFrame.cpp">
      <Filter>Interface\Guild</Filter>
    </ClCompile>
    <ClCompile Include="TGuildPointRewardFrame.cpp">
      <Filter>Interface\Guild</Filter>
    </ClCompile>
    <ClCompile Include="TGuildPvPRecordFrame.cpp">
      <Filter>Interface\Guild</Filter>
    </ClCompile>
    <ClCompile Include="TGuildRegularOffer.cpp">
      <Filter>Interface\Guild</Filter>
    </ClCompile>
    <ClCompile Include="TGuildRTTypeFrame.cpp">
      <Filter>Interface\Guild</Filter>
    </ClCompile>
    <ClCompile Include="TGuildSeekFrame.cpp">
      <Filter>Interface\Guild</Filter>
    </ClCompile>
    <ClCompile Include="TGuildTacticsOffer.cpp">
      <Filter>Interface\Guild</Filter>
    </ClCompile>
    <ClCompile Include="TGuildTerritoryFrame.cpp">
      <Filter>Interface\Guild</Filter>
    </ClCompile>
    <ClCompile Include="TGuildVolunteerFrame.cpp">
      <Filter>Interface\Guild</Filter>
    </ClCompile>
    <ClCompile Include="TTacticsInviteDlg.cpp">
      <Filter>Interface\Guild</Filter>
    </ClCompile>
    <ClCompile Include="TDetailInfo.cpp">
      <Filter>Interface\DetailInfo</Filter>
    </ClCompile>
    <ClCompile Include="TDetailInfoDlg.cpp">
      <Filter>Interface\DetailInfo</Filter>
    </ClCompile>
    <ClCompile Include="TDetailInfoManager.cpp">
      <Filter>Interface\DetailInfo</Filter>
    </ClCompile>
    <ClCompile Include="TDetailNameDlg.cpp">
      <Filter>Interface\DetailInfo</Filter>
    </ClCompile>
    <ClCompile Include="TBlockListDlg.cpp">
      <Filter>Interface\Messenger&amp;Mail</Filter>
    </ClCompile>
    <ClCompile Include="TMailAskMoneyDlg.cpp">
      <Filter>Interface\Messenger&amp;Mail</Filter>
    </ClCompile>
    <ClCompile Include="TMailListFrame.cpp">
      <Filter>Interface\Messenger&amp;Mail</Filter>
    </ClCompile>
    <ClCompile Include="TMailRecvDlg.cpp">
      <Filter>Interface\Messenger&amp;Mail</Filter>
    </ClCompile>
    <ClCompile Include="TMailSendDlg.cpp">
      <Filter>Interface\Messenger&amp;Mail</Filter>
    </ClCompile>
    <ClCompile Include="TMessengerBase.cpp">
      <Filter>Interface\Messenger&amp;Mail</Filter>
    </ClCompile>
    <ClCompile Include="TMessengerChat.cpp">
      <Filter>Interface\Messenger&amp;Mail</Filter>
    </ClCompile>
    <ClCompile Include="TMessengerCommander.cpp">
      <Filter>Interface\Messenger&amp;Mail</Filter>
    </ClCompile>
    <ClCompile Include="TMsgChatMemberList.cpp">
      <Filter>Interface\Messenger&amp;Mail</Filter>
    </ClCompile>
    <ClCompile Include="TMsgGroupList.cpp">
      <Filter>Interface\Messenger&amp;Mail</Filter>
    </ClCompile>
    <ClCompile Include="TSMSDlg.cpp">
      <Filter>Interface\Messenger&amp;Mail</Filter>
    </ClCompile>
    <ClCompile Include="TSoulmateFrame.cpp">
      <Filter>Interface\Messenger&amp;Mail</Filter>
    </ClCompile>
    <ClCompile Include="TPetDlg.cpp">
      <Filter>Interface\Pet</Filter>
    </ClCompile>
    <ClCompile Include="TPetMakeDlg.cpp">
      <Filter>Interface\Pet</Filter>
    </ClCompile>
    <ClCompile Include="TPetManageDlg.cpp">
      <Filter>Interface\Pet</Filter>
    </ClCompile>
    <ClCompile Include="TColorPicker.cpp">
      <Filter>Interface\Item</Filter>
    </ClCompile>
    <ClCompile Include="TItemExtPeriodDlg.cpp">
      <Filter>Interface\Item</Filter>
    </ClCompile>
    <ClCompile Include="TItemGambleDlg.cpp">
      <Filter>Interface\Item</Filter>
    </ClCompile>
    <ClCompile Include="TItemRefineDlg.cpp">
      <Filter>Interface\Item</Filter>
    </ClCompile>
    <ClCompile Include="TItemRegGuildDlg.cpp">
      <Filter>Interface\Item</Filter>
    </ClCompile>
    <ClCompile Include="TItemRepairDlg.cpp">
      <Filter>Interface\Item</Filter>
    </ClCompile>
    <ClCompile Include="TItemSlotBaseDlg.cpp">
      <Filter>Interface\Item</Filter>
    </ClCompile>
    <ClCompile Include="TItemUpCashDlg.cpp">
      <Filter>Interface\Item</Filter>
    </ClCompile>
    <ClCompile Include="TItemUpDlg.cpp">
      <Filter>Interface\Item</Filter>
    </ClCompile>
    <ClCompile Include="TItemUpGaugeDlg.cpp">
      <Filter>Interface\Item</Filter>
    </ClCompile>
    <ClCompile Include="TCraftQuestDlg.cpp">
      <Filter>Interface\Quest</Filter>
    </ClCompile>
    <ClCompile Include="TNewQuestDlg.cpp">
      <Filter>Interface\Quest</Filter>
    </ClCompile>
    <ClCompile Include="TNPCTalkDlg.cpp">
      <Filter>Interface\Quest</Filter>
    </ClCompile>
    <ClCompile Include="TQuestNewUI.cpp">
      <Filter>Interface\Quest</Filter>
    </ClCompile>
    <ClCompile Include="TChatCommander.cpp">
      <Filter>Interface\Chatting</Filter>
    </ClCompile>
    <ClCompile Include="TChatFrame.cpp">
      <Filter>Interface\Chatting</Filter>
    </ClCompile>
    <ClCompile Include="TChatList.cpp">
      <Filter>Interface\Chatting</Filter>
    </ClCompile>
    <ClCompile Include="TChatMenuNew.cpp">
      <Filter>Interface\Chatting</Filter>
    </ClCompile>
    <ClCompile Include="TChatTabButton.cpp">
      <Filter>Interface\Chatting</Filter>
    </ClCompile>
    <ClCompile Include="TMinimapDlg.cpp">
      <Filter>Interface\Map</Filter>
    </ClCompile>
    <ClCompile Include="TWorldmapDlg.cpp">
      <Filter>Interface\Map</Filter>
    </ClCompile>
    <ClCompile Include="TCabinetDlg.cpp">
      <Filter>Interface\Shop &amp; Cabinet &amp; Trade</Filter>
    </ClCompile>
    <ClCompile Include="TCashCabinetDlg.cpp">
      <Filter>Interface\Shop &amp; Cabinet &amp; Trade</Filter>
    </ClCompile>
    <ClCompile Include="TCashShopDlg.cpp">
      <Filter>Interface\Shop &amp; Cabinet &amp; Trade</Filter>
    </ClCompile>
    <ClCompile Include="TCtrlList.cpp">
      <Filter>Interface\Shop &amp; Cabinet &amp; Trade</Filter>
    </ClCompile>
    <ClCompile Include="TItemRegBox.cpp">
      <Filter>Interface\Shop &amp; Cabinet &amp; Trade</Filter>
    </ClCompile>
    <ClCompile Include="TMagicItemShopDlg.cpp">
      <Filter>Interface\Shop &amp; Cabinet &amp; Trade</Filter>
    </ClCompile>
    <ClCompile Include="TNewCashShopDlg.cpp">
      <Filter>Interface\Shop &amp; Cabinet &amp; Trade</Filter>
    </ClCompile>
    <ClCompile Include="TNormalCabinetDlg.cpp">
      <Filter>Interface\Shop &amp; Cabinet &amp; Trade</Filter>
    </ClCompile>
    <ClCompile Include="TPortalShopDlgNew.cpp">
      <Filter>Interface\Shop &amp; Cabinet &amp; Trade</Filter>
    </ClCompile>
    <ClCompile Include="TPrivateShopDlg.cpp">
      <Filter>Interface\Shop &amp; Cabinet &amp; Trade</Filter>
    </ClCompile>
    <ClCompile Include="TRentSkillDlg.cpp">
      <Filter>Interface\Shop &amp; Cabinet &amp; Trade</Filter>
    </ClCompile>
    <ClCompile Include="TShopBaseDlg.cpp">
      <Filter>Interface\Shop &amp; Cabinet &amp; Trade</Filter>
    </ClCompile>
    <ClCompile Include="TShopDlg.cpp">
      <Filter>Interface\Shop &amp; Cabinet &amp; Trade</Filter>
    </ClCompile>
    <ClCompile Include="TShopItem.cpp">
      <Filter>Interface\Shop &amp; Cabinet &amp; Trade</Filter>
    </ClCompile>
    <ClCompile Include="TTradeDlg.cpp">
      <Filter>Interface\Shop &amp; Cabinet &amp; Trade</Filter>
    </ClCompile>
    <ClCompile Include="TUpItemSellDlg.cpp">
      <Filter>Interface\Shop &amp; Cabinet &amp; Trade</Filter>
    </ClCompile>
    <ClCompile Include="TWebCashShopDlg.cpp">
      <Filter>Interface\Shop &amp; Cabinet &amp; Trade</Filter>
    </ClCompile>
    <ClCompile Include="TSkillDlg.cpp">
      <Filter>Interface\Skill</Filter>
    </ClCompile>
    <ClCompile Include="TRSCSDlg.cpp">
      <Filter>Interface\RSCS</Filter>
    </ClCompile>
    <ClCompile Include="TDynamicHelpDlg.cpp">
      <Filter>Interface\Help</Filter>
    </ClCompile>
    <ClCompile Include="THelpFrame.cpp">
      <Filter>Interface\Help</Filter>
    </ClCompile>
    <ClCompile Include="TGaugePannel.cpp">
      <Filter>Interface\Gauage Pannel</Filter>
    </ClCompile>
    <ClCompile Include="TMaintainPannel.cpp">
      <Filter>Interface\Gauage Pannel</Filter>
    </ClCompile>
    <ClCompile Include="TMiniPopupDlg.cpp">
      <Filter>Interface\Popup</Filter>
    </ClCompile>
    <ClCompile Include="TPopupMenu.cpp">
      <Filter>Interface\Popup</Filter>
    </ClCompile>
    <ClCompile Include="TPopupNewMenu.cpp">
      <Filter>Interface\Popup</Filter>
    </ClCompile>
    <ClCompile Include="TCharInfoDlg.cpp">
      <Filter>Interface\Inven</Filter>
    </ClCompile>
    <ClCompile Include="TCharPvPInfoDlg.cpp">
      <Filter>Interface\Inven</Filter>
    </ClCompile>
    <ClCompile Include="TCharRankInfoDlg.cpp">
      <Filter>Interface\Inven</Filter>
    </ClCompile>
    <ClCompile Include="TInvenDlg.cpp">
      <Filter>Interface\Inven</Filter>
    </ClCompile>
    <ClCompile Include="TGameSettingFrame.cpp">
      <Filter>Interface\SystemMenu</Filter>
    </ClCompile>
    <ClCompile Include="TKeySettingDlg.cpp">
      <Filter>Interface\SystemMenu</Filter>
    </ClCompile>
    <ClCompile Include="TSettingFrame.cpp">
      <Filter>Interface\SystemMenu</Filter>
    </ClCompile>
    <ClCompile Include="TSystemSettingFrame.cpp">
      <Filter>Interface\SystemMenu</Filter>
    </ClCompile>
    <ClCompile Include="TDurationFrame.cpp">
      <Filter>Interface\Main</Filter>
    </ClCompile>
    <ClCompile Include="TMainUI.cpp">
      <Filter>Interface\Main</Filter>
    </ClCompile>
    <ClCompile Include="TPartyItemLottery.cpp">
      <Filter>Interface\Main</Filter>
    </ClCompile>
    <ClCompile Include="TCandidateFrame.cpp">
      <Filter>Interface\Candidate</Filter>
    </ClCompile>
    <ClCompile Include="TClientUIBase.cpp">
      <Filter>Interface\Base</Filter>
    </ClCompile>
    <ClCompile Include="TFrameGroupBase.cpp">
      <Filter>Interface\Base</Filter>
    </ClCompile>
    <ClCompile Include="TLimitEdit.cpp">
      <Filter>Interface\CustomComp</Filter>
    </ClCompile>
    <ClCompile Include="TListEx.cpp">
      <Filter>Interface\CustomComp</Filter>
    </ClCompile>
    <ClCompile Include="TNumberEdit.cpp">
      <Filter>Interface\CustomComp</Filter>
    </ClCompile>
    <ClCompile Include="TProgressRegDlg.cpp">
      <Filter>Interface\CustomComp</Filter>
    </ClCompile>
    <ClCompile Include="TTextPopup.cpp">
      <Filter>Interface\CustomComp</Filter>
    </ClCompile>
    <ClCompile Include="TSiegeEnd.cpp">
      <Filter>Interface\Siege</Filter>
    </ClCompile>
    <ClCompile Include="TSiegeUI.cpp">
      <Filter>Interface\Siege</Filter>
    </ClCompile>
    <ClCompile Include="TAuctionCommander.cpp">
      <Filter>Interface\Auction</Filter>
    </ClCompile>
    <ClCompile Include="TAuctionMainFrame.cpp">
      <Filter>Interface\Auction\MainFrame</Filter>
    </ClCompile>
    <ClCompile Include="TAuctionBasket.cpp">
      <Filter>Interface\Auction\InnerFrame</Filter>
    </ClCompile>
    <ClCompile Include="TAuctionMyBid.cpp">
      <Filter>Interface\Auction\InnerFrame</Filter>
    </ClCompile>
    <ClCompile Include="TAuctionRegist.cpp">
      <Filter>Interface\Auction\InnerFrame</Filter>
    </ClCompile>
    <ClCompile Include="TAuctionSearch.cpp">
      <Filter>Interface\Auction\InnerFrame</Filter>
    </ClCompile>
    <ClCompile Include="TAuctionInnerFrame.cpp">
      <Filter>Interface\Auction\InnerFrame\Interface</Filter>
    </ClCompile>
    <ClCompile Include="TAuctionCategory.cpp">
      <Filter>Interface\Auction\Utiltiy</Filter>
    </ClCompile>
    <ClCompile Include="TAuctionCtrlList.cpp">
      <Filter>Interface\Auction\Utiltiy</Filter>
    </ClCompile>
    <ClCompile Include="TAuctionMsgBox.cpp">
      <Filter>Interface\Auction\Utiltiy</Filter>
    </ClCompile>
    <ClCompile Include="TFameBaseDlg.cpp">
      <Filter>Interface\Fame</Filter>
    </ClCompile>
    <ClCompile Include="TFameListDlg.cpp">
      <Filter>Interface\Fame</Filter>
    </ClCompile>
    <ClCompile Include="TFameRank.cpp">
      <Filter>Interface\Fame</Filter>
    </ClCompile>
    <ClCompile Include="TTournament.cpp">
      <Filter>Interface\Tournament</Filter>
    </ClCompile>
    <ClCompile Include="TTournamentEvent.cpp">
      <Filter>Interface\Tournament</Filter>
    </ClCompile>
    <ClCompile Include="TTournamentGage.cpp">
      <Filter>Interface\Tournament</Filter>
    </ClCompile>
    <ClCompile Include="TTournamentMode.cpp">
      <Filter>Interface\Tournament</Filter>
    </ClCompile>
    <ClCompile Include="TTournamentResult.cpp">
      <Filter>Interface\Tournament</Filter>
    </ClCompile>
    <ClCompile Include="TTournamentSelectTarget.cpp">
      <Filter>Interface\Tournament</Filter>
    </ClCompile>
    <ClCompile Include="TTournamentSelectWinner.cpp">
      <Filter>Interface\Tournament</Filter>
    </ClCompile>
    <ClCompile Include="TWelcome.cpp">
      <Filter>Interface\Welcome</Filter>
    </ClCompile>
    <ClCompile Include="TRpcDlg.cpp">
      <Filter>Interface\RPS</Filter>
    </ClCompile>
    <ClCompile Include="TRpcRewardDlg.cpp">
      <Filter>Interface\RPS</Filter>
    </ClCompile>
    <ClCompile Include="TRpsRewardList.cpp">
      <Filter>Interface\RPS</Filter>
    </ClCompile>
    <ClCompile Include="TChallengeEvent.cpp">
      <Filter>Interface\Challenge</Filter>
    </ClCompile>
    <ClCompile Include="TChallengeItem.cpp">
      <Filter>Interface\Challenge</Filter>
    </ClCompile>
    <ClCompile Include="TChallengeWaiting.cpp">
      <Filter>Interface\Challenge</Filter>
    </ClCompile>
    <ClCompile Include="TAidCountry.cpp">
      <Filter>Interface\Country</Filter>
    </ClCompile>
    <ClCompile Include="TSelectCountry.cpp">
      <Filter>Interface\Country</Filter>
    </ClCompile>
    <ClCompile Include="TTitleDlg.cpp">
      <Filter>Interface\Title</Filter>
    </ClCompile>
    <ClCompile Include="TSkygardenEnd.cpp">
      <Filter>Interface\Skygarden</Filter>
    </ClCompile>
    <ClCompile Include="TSkygardenMap.cpp">
      <Filter>Interface\Skygarden</Filter>
    </ClCompile>
    <ClCompile Include="TRankingNewDlg.cpp">
      <Filter>Interface\RankingNew</Filter>
    </ClCompile>
    <ClCompile Include="TRankingNewMain.cpp">
      <Filter>Interface\RankingNew</Filter>
    </ClCompile>
    <ClCompile Include="TSoulLotteryDlg.cpp">
      <Filter>Interface\SoulLottery</Filter>
    </ClCompile>
    <ClCompile Include="TClientNET.cpp">
      <Filter>Lobby</Filter>
    </ClCompile>
    <ClCompile Include="TNetGM.cpp">
      <Filter>Lobby</Filter>
    </ClCompile>
    <ClCompile Include="TNetHandler.cpp">
      <Filter>Lobby</Filter>
    </ClCompile>
    <ClCompile Include="TNetSender.cpp">
      <Filter>Lobby</Filter>
    </ClCompile>
    <ClCompile Include="CSHandler.cpp">
      <Filter>Game</Filter>
    </ClCompile>
    <ClCompile Include="CSSender.cpp">
      <Filter>Game</Filter>
    </ClCompile>
    <ClCompile Include="CSSenderAll.cpp">
      <Filter>Game</Filter>
    </ClCompile>
    <ClCompile Include="TClientGame.cpp">
      <Filter>Game</Filter>
    </ClCompile>
    <ClCompile Include="TClientGM.cpp">
      <Filter>Game</Filter>
    </ClCompile>
    <ClCompile Include="TClientSession.cpp">
      <Filter>Game</Filter>
    </ClCompile>
    <ClCompile Include="TRelayHandler.cpp">
      <Filter>Game</Filter>
    </ClCompile>
    <ClCompile Include="TRelaySender.cpp">
      <Filter>Game</Filter>
    </ClCompile>
    <ClCompile Include="TSiegeManager.cpp">
      <Filter>Game\Siege</Filter>
    </ClCompile>
    <ClCompile Include="TClientInven.cpp">
      <Filter>Game\Item</Filter>
    </ClCompile>
    <ClCompile Include="TClientItem.cpp">
      <Filter>Game\Item</Filter>
    </ClCompile>
    <ClCompile Include="TClientQClass.cpp">
      <Filter>Game\Quest</Filter>
    </ClCompile>
    <ClCompile Include="TClientQuest.cpp">
      <Filter>Game\Quest</Filter>
    </ClCompile>
    <ClCompile Include="TClientTerm.cpp">
      <Filter>Game\Quest</Filter>
    </ClCompile>
    <ClCompile Include="TPartyCommander.cpp">
      <Filter>Game\Party</Filter>
    </ClCompile>
    <ClCompile Include="TClientMaintain.cpp">
      <Filter>Game\Skill</Filter>
    </ClCompile>
    <ClCompile Include="TClientSkill.cpp">
      <Filter>Game\Skill</Filter>
    </ClCompile>
    <ClCompile Include="TCinematicDlg.cpp">
      <Filter>Game\Scene</Filter>
    </ClCompile>
    <ClCompile Include="TScenePlayer.cpp">
      <Filter>Game\Scene</Filter>
    </ClCompile>
    <ClCompile Include="TClientKEY.cpp">
      <Filter>Game\KeyInput</Filter>
    </ClCompile>
    <ClCompile Include="TKeySettingDefines.cpp">
      <Filter>Game\KeyInput</Filter>
    </ClCompile>
    <ClCompile Include="TClientNumber.cpp">
      <Filter>Game\In-GameUI</Filter>
    </ClCompile>
    <ClCompile Include="TClientTalkBox.cpp">
      <Filter>Game\In-GameUI</Filter>
    </ClCompile>
    <ClCompile Include="TClientFlag.cpp">
      <Filter>Game\PathFinding</Filter>
    </ClCompile>
    <ClCompile Include="TClientArrow.cpp">
      <Filter>Game\GameObject</Filter>
    </ClCompile>
    <ClCompile Include="TClientChar.cpp">
      <Filter>Game\GameObject</Filter>
    </ClCompile>
    <ClCompile Include="TClientFake.cpp">
      <Filter>Game\GameObject</Filter>
    </ClCompile>
    <ClCompile Include="TClientGate.cpp">
      <Filter>Game\GameObject</Filter>
    </ClCompile>
    <ClCompile Include="TClientMonster.cpp">
      <Filter>Game\GameObject</Filter>
    </ClCompile>
    <ClCompile Include="TClientMoveObj.cpp">
      <Filter>Game\GameObject</Filter>
    </ClCompile>
    <ClCompile Include="TClientNpc.cpp">
      <Filter>Game\GameObject</Filter>
    </ClCompile>
    <ClCompile Include="TClientObjBase.cpp">
      <Filter>Game\GameObject</Filter>
    </ClCompile>
    <ClCompile Include="TClientObject.cpp">
      <Filter>Game\GameObject</Filter>
    </ClCompile>
    <ClCompile Include="TClientPet.cpp">
      <Filter>Game\GameObject</Filter>
    </ClCompile>
    <ClCompile Include="TClientRecall.cpp">
      <Filter>Game\GameObject</Filter>
    </ClCompile>
    <ClCompile Include="TClientSwitch.cpp">
      <Filter>Game\GameObject</Filter>
    </ClCompile>
    <ClCompile Include="TSiegeGodBall.cpp">
      <Filter>Game\GameObject</Filter>
    </ClCompile>
    <ClCompile Include="TSiegeGodTower.cpp">
      <Filter>Game\GameObject</Filter>
    </ClCompile>
    <ClCompile Include="TClientBSP.cpp">
      <Filter>Game\Map</Filter>
    </ClCompile>
    <ClCompile Include="TClientMAP.cpp">
      <Filter>Game\Map</Filter>
    </ClCompile>
    <ClCompile Include="TClientCAM.cpp">
      <Filter>Game\Camera</Filter>
    </ClCompile>
    <ClCompile Include="TClientSfx.cpp">
      <Filter>Game\SFX</Filter>
    </ClCompile>
    <ClCompile Include="Curse.cpp">
      <Filter>Game\Curse</Filter>
    </ClCompile>
    <ClCompile Include="TTextLinkData.cpp">
      <Filter>Game\TextLink</Filter>
    </ClCompile>
    <ClCompile Include="TTextLinker.cpp">
      <Filter>Game\TextLink</Filter>
    </ClCompile>
    <ClCompile Include="StdAfx.cpp">
      <Filter>Client</Filter>
    </ClCompile>
    <ClCompile Include="TClient.cpp">
      <Filter>Client</Filter>
    </ClCompile>
    <ClCompile Include="TClientMsgBox.cpp">
      <Filter>Client</Filter>
    </ClCompile>
    <ClCompile Include="TClientNICEventSink.cpp">
      <Filter>Client</Filter>
    </ClCompile>
    <ClCompile Include="TClientWnd.cpp">
      <Filter>Client</Filter>
    </ClCompile>
    <ClCompile Include="TNationOption.cpp">
      <Filter>Client</Filter>
    </ClCompile>
    <ClCompile Include="TClientWebCtrl.cpp">
      <Filter>Client\Web</Filter>
    </ClCompile>
    <ClCompile Include="md5.cpp">
      <Filter>Client\MD5</Filter>
    </ClCompile>
    <ClCompile Include="TMailSender.cpp">
      <Filter>Client\Error Handler</Filter>
    </ClCompile>
    <ClCompile Include="TMiniDump.cpp">
      <Filter>Client\Error Handler</Filter>
    </ClCompile>
    <ClCompile Include="TSystemInfo.cpp">
      <Filter>Client\Error Handler</Filter>
    </ClCompile>
    <ClCompile Include="PacketSpyAcks.cpp">
      <Filter>Client\Packet Spy</Filter>
    </ClCompile>
    <ClCompile Include="PacketSpyDlg.cpp">
      <Filter>Client\Packet Spy</Filter>
    </ClCompile>
    <ClCompile Include="IPDialog.cpp" />
    <ClCompile Include="TClientPath.cpp" />
    <ClCompile Include="TUIBarDlg.cpp">
      <Filter>Interface\Utilitybar</Filter>
    </ClCompile>
  </ItemGroup>
  <ItemGroup>
    <ClInclude Include="TClientGuildMark.h">
      <Filter>Interface\Guild</Filter>
    </ClInclude>
    <ClInclude Include="TCommunityDlg.h">
      <Filter>Interface\Guild</Filter>
    </ClInclude>
    <ClInclude Include="TGuildAppInnerFrame.h">
      <Filter>Interface\Guild</Filter>
    </ClInclude>
    <ClInclude Include="TGuildApplicationDlg.h">
      <Filter>Interface\Guild</Filter>
    </ClInclude>
    <ClInclude Include="TGuildCabinetDlg.h">
      <Filter>Interface\Guild</Filter>
    </ClInclude>
    <ClInclude Include="TGuildCmdHelpDlg.h">
      <Filter>Interface\Guild</Filter>
    </ClInclude>
    <ClInclude Include="TGuildCommander.h">
      <Filter>Interface\Guild</Filter>
    </ClInclude>
    <ClInclude Include="TGuildExpDonDlg.h">
      <Filter>Interface\Guild</Filter>
    </ClInclude>
    <ClInclude Include="TGuildMarkMakeDlg.h">
      <Filter>Interface\Guild</Filter>
    </ClInclude>
    <ClInclude Include="TGuildMemberFrame.h">
      <Filter>Interface\Guild</Filter>
    </ClInclude>
    <ClInclude Include="TGuildMoneyDonDlg.h">
      <Filter>Interface\Guild</Filter>
    </ClInclude>
    <ClInclude Include="TGuildNormalFrame.h">
      <Filter>Interface\Guild</Filter>
    </ClInclude>
    <ClInclude Include="TGuildNotifyDlg.h">
      <Filter>Interface\Guild</Filter>
    </ClInclude>
    <ClInclude Include="TGuildOfferFrame.h">
      <Filter>Interface\Guild</Filter>
    </ClInclude>
    <ClInclude Include="TGuildPointLogFrame.h">
      <Filter>Interface\Guild</Filter>
    </ClInclude>
    <ClInclude Include="TGuildPointRewardFrame.h">
      <Filter>Interface\Guild</Filter>
    </ClInclude>
    <ClInclude Include="TGuildPvPRecordFrame.h">
      <Filter>Interface\Guild</Filter>
    </ClInclude>
    <ClInclude Include="TGuildRegularOffer.h">
      <Filter>Interface\Guild</Filter>
    </ClInclude>
    <ClInclude Include="TGuildRTTypeFrame.h">
      <Filter>Interface\Guild</Filter>
    </ClInclude>
    <ClInclude Include="TGuildSeekFrame.h">
      <Filter>Interface\Guild</Filter>
    </ClInclude>
    <ClInclude Include="TGuildTacticsOffer.h">
      <Filter>Interface\Guild</Filter>
    </ClInclude>
    <ClInclude Include="TGuildTerritoryFrame.h">
      <Filter>Interface\Guild</Filter>
    </ClInclude>
    <ClInclude Include="TGuildVolunteerFrame.h">
      <Filter>Interface\Guild</Filter>
    </ClInclude>
    <ClInclude Include="TTacticsInviteDlg.h">
      <Filter>Interface\Guild</Filter>
    </ClInclude>
    <ClInclude Include="TDetailInfo.h">
      <Filter>Interface\DetailInfo</Filter>
    </ClInclude>
    <ClInclude Include="TDetailInfoDlg.h">
      <Filter>Interface\DetailInfo</Filter>
    </ClInclude>
    <ClInclude Include="TDetailInfoManager.h">
      <Filter>Interface\DetailInfo</Filter>
    </ClInclude>
    <ClInclude Include="TDetailNameDlg.h">
      <Filter>Interface\DetailInfo</Filter>
    </ClInclude>
    <ClInclude Include="TBlockListDlg.h">
      <Filter>Interface\Messenger&amp;Mail</Filter>
    </ClInclude>
    <ClInclude Include="TMailAskMoneyDlg.h">
      <Filter>Interface\Messenger&amp;Mail</Filter>
    </ClInclude>
    <ClInclude Include="TMailListFrame.h">
      <Filter>Interface\Messenger&amp;Mail</Filter>
    </ClInclude>
    <ClInclude Include="TMailRecvDlg.h">
      <Filter>Interface\Messenger&amp;Mail</Filter>
    </ClInclude>
    <ClInclude Include="TMailSendDlg.h">
      <Filter>Interface\Messenger&amp;Mail</Filter>
    </ClInclude>
    <ClInclude Include="TMessengerBase.h">
      <Filter>Interface\Messenger&amp;Mail</Filter>
    </ClInclude>
    <ClInclude Include="TMessengerChat.h">
      <Filter>Interface\Messenger&amp;Mail</Filter>
    </ClInclude>
    <ClInclude Include="TMessengerCommander.h">
      <Filter>Interface\Messenger&amp;Mail</Filter>
    </ClInclude>
    <ClInclude Include="TMsgChatMemberList.h">
      <Filter>Interface\Messenger&amp;Mail</Filter>
    </ClInclude>
    <ClInclude Include="TMsgGroupList.h">
      <Filter>Interface\Messenger&amp;Mail</Filter>
    </ClInclude>
    <ClInclude Include="TSMSDlg.h">
      <Filter>Interface\Messenger&amp;Mail</Filter>
    </ClInclude>
    <ClInclude Include="TSoulmateFrame.h">
      <Filter>Interface\Messenger&amp;Mail</Filter>
    </ClInclude>
    <ClInclude Include="TPetDlg.h">
      <Filter>Interface\Pet</Filter>
    </ClInclude>
    <ClInclude Include="TPetMakeDlg.h">
      <Filter>Interface\Pet</Filter>
    </ClInclude>
    <ClInclude Include="TPetManageDlg.h">
      <Filter>Interface\Pet</Filter>
    </ClInclude>
    <ClInclude Include="TColorPicker.h">
      <Filter>Interface\Item</Filter>
    </ClInclude>
    <ClInclude Include="TItemExtPeriodDlg.h">
      <Filter>Interface\Item</Filter>
    </ClInclude>
    <ClInclude Include="TItemGambleDlg.h">
      <Filter>Interface\Item</Filter>
    </ClInclude>
    <ClInclude Include="TItemRefineDlg.h">
      <Filter>Interface\Item</Filter>
    </ClInclude>
    <ClInclude Include="TItemRegGuildDlg.h">
      <Filter>Interface\Item</Filter>
    </ClInclude>
    <ClInclude Include="TItemRepairDlg.h">
      <Filter>Interface\Item</Filter>
    </ClInclude>
    <ClInclude Include="TItemSlotBaseDlg.h">
      <Filter>Interface\Item</Filter>
    </ClInclude>
    <ClInclude Include="TItemUpCashDlg.h">
      <Filter>Interface\Item</Filter>
    </ClInclude>
    <ClInclude Include="TItemUpDlg.h">
      <Filter>Interface\Item</Filter>
    </ClInclude>
    <ClInclude Include="TItemUpGaugeDlg.h">
      <Filter>Interface\Item</Filter>
    </ClInclude>
    <ClInclude Include="TCraftQuestDlg.h">
      <Filter>Interface\Quest</Filter>
    </ClInclude>
    <ClInclude Include="TNewQuestDlg.h">
      <Filter>Interface\Quest</Filter>
    </ClInclude>
    <ClInclude Include="TNPCTalkDlg.h">
      <Filter>Interface\Quest</Filter>
    </ClInclude>
    <ClInclude Include="TQuestNewUI.h">
      <Filter>Interface\Quest</Filter>
    </ClInclude>
    <ClInclude Include="TChatCommander.h">
      <Filter>Interface\Chatting</Filter>
    </ClInclude>
    <ClInclude Include="TChatFrame.h">
      <Filter>Interface\Chatting</Filter>
    </ClInclude>
    <ClInclude Include="TChatList.h">
      <Filter>Interface\Chatting</Filter>
    </ClInclude>
    <ClInclude Include="TChatMenuNew.h">
      <Filter>Interface\Chatting</Filter>
    </ClInclude>
    <ClInclude Include="TChatTabButton.h">
      <Filter>Interface\Chatting</Filter>
    </ClInclude>
    <ClInclude Include="TMinimapDlg.h">
      <Filter>Interface\Map</Filter>
    </ClInclude>
    <ClInclude Include="TWorldmapDlg.h">
      <Filter>Interface\Map</Filter>
    </ClInclude>
    <ClInclude Include="TCabinetDlg.h">
      <Filter>Interface\Shop &amp; Cabinet &amp; Trade</Filter>
    </ClInclude>
    <ClInclude Include="TCashCabinetDlg.h">
      <Filter>Interface\Shop &amp; Cabinet &amp; Trade</Filter>
    </ClInclude>
    <ClInclude Include="TCashShopDlg.h">
      <Filter>Interface\Shop &amp; Cabinet &amp; Trade</Filter>
    </ClInclude>
    <ClInclude Include="TCtrlList.h">
      <Filter>Interface\Shop &amp; Cabinet &amp; Trade</Filter>
    </ClInclude>
    <ClInclude Include="TItemRegBox.h">
      <Filter>Interface\Shop &amp; Cabinet &amp; Trade</Filter>
    </ClInclude>
    <ClInclude Include="TMagicItemShopDlg.h">
      <Filter>Interface\Shop &amp; Cabinet &amp; Trade</Filter>
    </ClInclude>
    <ClInclude Include="TNewCashShopDlg.h">
      <Filter>Interface\Shop &amp; Cabinet &amp; Trade</Filter>
    </ClInclude>
    <ClInclude Include="TNormalCabinetDlg.h">
      <Filter>Interface\Shop &amp; Cabinet &amp; Trade</Filter>
    </ClInclude>
    <ClInclude Include="TPortalShopDlgNew.h">
      <Filter>Interface\Shop &amp; Cabinet &amp; Trade</Filter>
    </ClInclude>
    <ClInclude Include="TPrivateShopDlg.h">
      <Filter>Interface\Shop &amp; Cabinet &amp; Trade</Filter>
    </ClInclude>
    <ClInclude Include="TRentSkillDlg.h">
      <Filter>Interface\Shop &amp; Cabinet &amp; Trade</Filter>
    </ClInclude>
    <ClInclude Include="TShopBaseDlg.h">
      <Filter>Interface\Shop &amp; Cabinet &amp; Trade</Filter>
    </ClInclude>
    <ClInclude Include="TShopDlg.h">
      <Filter>Interface\Shop &amp; Cabinet &amp; Trade</Filter>
    </ClInclude>
    <ClInclude Include="TShopItem.h">
      <Filter>Interface\Shop &amp; Cabinet &amp; Trade</Filter>
    </ClInclude>
    <ClInclude Include="TTradeDlg.h">
      <Filter>Interface\Shop &amp; Cabinet &amp; Trade</Filter>
    </ClInclude>
    <ClInclude Include="TUpItemSellDlg.h">
      <Filter>Interface\Shop &amp; Cabinet &amp; Trade</Filter>
    </ClInclude>
    <ClInclude Include="TWebCashShopDlg.h">
      <Filter>Interface\Shop &amp; Cabinet &amp; Trade</Filter>
    </ClInclude>
    <ClInclude Include="TSkillDlg.h">
      <Filter>Interface\Skill</Filter>
    </ClInclude>
    <ClInclude Include="TRSCSDlg.h">
      <Filter>Interface\RSCS</Filter>
    </ClInclude>
    <ClInclude Include="TDynamicHelpDlg.h">
      <Filter>Interface\Help</Filter>
    </ClInclude>
    <ClInclude Include="THelpFrame.h">
      <Filter>Interface\Help</Filter>
    </ClInclude>
    <ClInclude Include="TGaugePannel.h">
      <Filter>Interface\Gauage Pannel</Filter>
    </ClInclude>
    <ClInclude Include="TMaintainPannel.h">
      <Filter>Interface\Gauage Pannel</Filter>
    </ClInclude>
    <ClInclude Include="TMiniPopupDlg.h">
      <Filter>Interface\Popup</Filter>
    </ClInclude>
    <ClInclude Include="TPopupMenu.h">
      <Filter>Interface\Popup</Filter>
    </ClInclude>
    <ClInclude Include="TPopupNewMenu.h">
      <Filter>Interface\Popup</Filter>
    </ClInclude>
    <ClInclude Include="TCharInfoDlg.h">
      <Filter>Interface\Inven</Filter>
    </ClInclude>
    <ClInclude Include="TCharPvPInfoDlg.h">
      <Filter>Interface\Inven</Filter>
    </ClInclude>
    <ClInclude Include="TCharRankInfoDlg.h">
      <Filter>Interface\Inven</Filter>
    </ClInclude>
    <ClInclude Include="TInvenDlg.h">
      <Filter>Interface\Inven</Filter>
    </ClInclude>
    <ClInclude Include="TGameSettingFrame.h">
      <Filter>Interface\SystemMenu</Filter>
    </ClInclude>
    <ClInclude Include="TKeySettingDlg.h">
      <Filter>Interface\SystemMenu</Filter>
    </ClInclude>
    <ClInclude Include="TSettingFrame.h">
      <Filter>Interface\SystemMenu</Filter>
    </ClInclude>
    <ClInclude Include="TSystemSettingFrame.h">
      <Filter>Interface\SystemMenu</Filter>
    </ClInclude>
    <ClInclude Include="TDurationFrame.h">
      <Filter>Interface\Main</Filter>
    </ClInclude>
    <ClInclude Include="TMainUI.h">
      <Filter>Interface\Main</Filter>
    </ClInclude>
    <ClInclude Include="TPartyItemLottery.h">
      <Filter>Interface\Main</Filter>
    </ClInclude>
    <ClInclude Include="TCandidateFrame.h">
      <Filter>Interface\Candidate</Filter>
    </ClInclude>
    <ClInclude Include="TClientUIBase.h">
      <Filter>Interface\Base</Filter>
    </ClInclude>
    <ClInclude Include="TFrameGroupBase.h">
      <Filter>Interface\Base</Filter>
    </ClInclude>
    <ClInclude Include="TInnerFrame.h">
      <Filter>Interface\Base</Filter>
    </ClInclude>
    <ClInclude Include="TLimitEdit.h">
      <Filter>Interface\CustomComp</Filter>
    </ClInclude>
    <ClInclude Include="TListEx.h">
      <Filter>Interface\CustomComp</Filter>
    </ClInclude>
    <ClInclude Include="TNumberEdit.h">
      <Filter>Interface\CustomComp</Filter>
    </ClInclude>
    <ClInclude Include="TProgressRegDlg.h">
      <Filter>Interface\CustomComp</Filter>
    </ClInclude>
    <ClInclude Include="TTextPopup.h">
      <Filter>Interface\CustomComp</Filter>
    </ClInclude>
    <ClInclude Include="TSiegeEnd.h">
      <Filter>Interface\Siege</Filter>
    </ClInclude>
    <ClInclude Include="TSiegeUI.h">
      <Filter>Interface\Siege</Filter>
    </ClInclude>
    <ClInclude Include="TAuctionCommander.h">
      <Filter>Interface\Auction</Filter>
    </ClInclude>
    <ClInclude Include="TAuctionMainFrame.h">
      <Filter>Interface\Auction\MainFrame</Filter>
    </ClInclude>
    <ClInclude Include="TAuctionBasket.h">
      <Filter>Interface\Auction\InnerFrame</Filter>
    </ClInclude>
    <ClInclude Include="TAuctionMyBid.h">
      <Filter>Interface\Auction\InnerFrame</Filter>
    </ClInclude>
    <ClInclude Include="TAuctionRegist.h">
      <Filter>Interface\Auction\InnerFrame</Filter>
    </ClInclude>
    <ClInclude Include="TAuctionSearch.h">
      <Filter>Interface\Auction\InnerFrame</Filter>
    </ClInclude>
    <ClInclude Include="TAuctionInnerFrame.h">
      <Filter>Interface\Auction\InnerFrame\Interface</Filter>
    </ClInclude>
    <ClInclude Include="TAuctionCategory.h">
      <Filter>Interface\Auction\Utiltiy</Filter>
    </ClInclude>
    <ClInclude Include="TAuctionCtrlList.h">
      <Filter>Interface\Auction\Utiltiy</Filter>
    </ClInclude>
    <ClInclude Include="TAuctionMsgBox.h">
      <Filter>Interface\Auction\Utiltiy</Filter>
    </ClInclude>
    <ClInclude Include="TFameBaseDlg.h">
      <Filter>Interface\Fame</Filter>
    </ClInclude>
    <ClInclude Include="TFameListDlg.h">
      <Filter>Interface\Fame</Filter>
    </ClInclude>
    <ClInclude Include="TFameRank.h">
      <Filter>Interface\Fame</Filter>
    </ClInclude>
    <ClInclude Include="TTournament.h">
      <Filter>Interface\Tournament</Filter>
    </ClInclude>
    <ClInclude Include="TTournamentEvent.h">
      <Filter>Interface\Tournament</Filter>
    </ClInclude>
    <ClInclude Include="TTournamentGage.h">
      <Filter>Interface\Tournament</Filter>
    </ClInclude>
    <ClInclude Include="TTournamentMode.h">
      <Filter>Interface\Tournament</Filter>
    </ClInclude>
    <ClInclude Include="TTournamentResult.h">
      <Filter>Interface\Tournament</Filter>
    </ClInclude>
    <ClInclude Include="TTournamentSelectTarget.h">
      <Filter>Interface\Tournament</Filter>
    </ClInclude>
    <ClInclude Include="TTournamentSelectWinner.h">
      <Filter>Interface\Tournament</Filter>
    </ClInclude>
    <ClInclude Include="TWelcome.h">
      <Filter>Interface\Welcome</Filter>
    </ClInclude>
    <ClInclude Include="TRpcDlg.h">
      <Filter>Interface\RPS</Filter>
    </ClInclude>
    <ClInclude Include="TRpcRewardDlg.h">
      <Filter>Interface\RPS</Filter>
    </ClInclude>
    <ClInclude Include="TRpsRewardList.h">
      <Filter>Interface\RPS</Filter>
    </ClInclude>
    <ClInclude Include="TChallengeEvent.h">
      <Filter>Interface\Challenge</Filter>
    </ClInclude>
    <ClInclude Include="TChallengeItem.h">
      <Filter>Interface\Challenge</Filter>
    </ClInclude>
    <ClInclude Include="TChallengeWaiting.h">
      <Filter>Interface\Challenge</Filter>
    </ClInclude>
    <ClInclude Include="TAidCountry.h">
      <Filter>Interface\Country</Filter>
    </ClInclude>
    <ClInclude Include="TSelectCountry.h">
      <Filter>Interface\Country</Filter>
    </ClInclude>
    <ClInclude Include="TTitleDlg.h">
      <Filter>Interface\Title</Filter>
    </ClInclude>
    <ClInclude Include="TSkygardenEnd.h">
      <Filter>Interface\Skygarden</Filter>
    </ClInclude>
    <ClInclude Include="TSkygardenMap.h">
      <Filter>Interface\Skygarden</Filter>
    </ClInclude>
    <ClInclude Include="TRankingNewDlg.h">
      <Filter>Interface\RankingNew</Filter>
    </ClInclude>
    <ClInclude Include="TRankingNewMain.h">
      <Filter>Interface\RankingNew</Filter>
    </ClInclude>
    <ClInclude Include="TSoulLotteryDlg.h">
      <Filter>Interface\SoulLottery</Filter>
    </ClInclude>
    <ClInclude Include="TClientNET.h">
      <Filter>Lobby</Filter>
    </ClInclude>
    <ClInclude Include="TClientGame.h">
      <Filter>Game</Filter>
    </ClInclude>
    <ClInclude Include="TClientSession.h">
      <Filter>Game</Filter>
    </ClInclude>
    <ClInclude Include="TSiegeManager.h">
      <Filter>Game\Siege</Filter>
    </ClInclude>
    <ClInclude Include="TClientInven.h">
      <Filter>Game\Item</Filter>
    </ClInclude>
    <ClInclude Include="TClientItem.h">
      <Filter>Game\Item</Filter>
    </ClInclude>
    <ClInclude Include="TClientQClass.h">
      <Filter>Game\Quest</Filter>
    </ClInclude>
    <ClInclude Include="TClientQuest.h">
      <Filter>Game\Quest</Filter>
    </ClInclude>
    <ClInclude Include="TClientTerm.h">
      <Filter>Game\Quest</Filter>
    </ClInclude>
    <ClInclude Include="TPartyCommander.h">
      <Filter>Game\Party</Filter>
    </ClInclude>
    <ClInclude Include="TClientMaintain.h">
      <Filter>Game\Skill</Filter>
    </ClInclude>
    <ClInclude Include="TClientSkill.h">
      <Filter>Game\Skill</Filter>
    </ClInclude>
    <ClInclude Include="TCinematicDlg.h">
      <Filter>Game\Scene</Filter>
    </ClInclude>
    <ClInclude Include="TScenePlayer.h">
      <Filter>Game\Scene</Filter>
    </ClInclude>
    <ClInclude Include="TClientKEY.h">
      <Filter>Game\KeyInput</Filter>
    </ClInclude>
    <ClInclude Include="TKeySettingDefines.h">
      <Filter>Game\KeyInput</Filter>
    </ClInclude>
    <ClInclude Include="TClientNumber.h">
      <Filter>Game\In-GameUI</Filter>
    </ClInclude>
    <ClInclude Include="TClientTalkBox.h">
      <Filter>Game\In-GameUI</Filter>
    </ClInclude>
    <ClInclude Include="TClientFlag.h">
      <Filter>Game\PathFinding</Filter>
    </ClInclude>
    <ClInclude Include="TClientArrow.h">
      <Filter>Game\GameObject</Filter>
    </ClInclude>
    <ClInclude Include="TClientChar.h">
      <Filter>Game\GameObject</Filter>
    </ClInclude>
    <ClInclude Include="TClientFake.h">
      <Filter>Game\GameObject</Filter>
    </ClInclude>
    <ClInclude Include="TClientGate.h">
      <Filter>Game\GameObject</Filter>
    </ClInclude>
    <ClInclude Include="TClientMonster.h">
      <Filter>Game\GameObject</Filter>
    </ClInclude>
    <ClInclude Include="TClientMoveObj.h">
      <Filter>Game\GameObject</Filter>
    </ClInclude>
    <ClInclude Include="TClientNpc.h">
      <Filter>Game\GameObject</Filter>
    </ClInclude>
    <ClInclude Include="TClientObjBase.h">
      <Filter>Game\GameObject</Filter>
    </ClInclude>
    <ClInclude Include="TClientObject.h">
      <Filter>Game\GameObject</Filter>
    </ClInclude>
    <ClInclude Include="TClientPet.h">
      <Filter>Game\GameObject</Filter>
    </ClInclude>
    <ClInclude Include="TClientRecall.h">
      <Filter>Game\GameObject</Filter>
    </ClInclude>
    <ClInclude Include="TClientSwitch.h">
      <Filter>Game\GameObject</Filter>
    </ClInclude>
    <ClInclude Include="TSiegeGodBall.h">
      <Filter>Game\GameObject</Filter>
    </ClInclude>
    <ClInclude Include="TSiegeGodTower.h">
      <Filter>Game\GameObject</Filter>
    </ClInclude>
    <ClInclude Include="TClientBSP.h">
      <Filter>Game\Map</Filter>
    </ClInclude>
    <ClInclude Include="TClientMAP.h">
      <Filter>Game\Map</Filter>
    </ClInclude>
    <ClInclude Include="TClientCAM.h">
      <Filter>Game\Camera</Filter>
    </ClInclude>
    <ClInclude Include="TClientSfx.h">
      <Filter>Game\SFX</Filter>
    </ClInclude>
    <ClInclude Include="Curse.h">
      <Filter>Game\Curse</Filter>
    </ClInclude>
    <ClInclude Include="TTextLinkData.h">
      <Filter>Game\TextLink</Filter>
    </ClInclude>
    <ClInclude Include="TTextLinker.h">
      <Filter>Game\TextLink</Filter>
    </ClInclude>
    <ClInclude Include="TSharedPtr.h">
      <Filter>Game\Utility</Filter>
    </ClInclude>
    <ClInclude Include="resource.h">
      <Filter>Client</Filter>
    </ClInclude>
    <ClInclude Include="StdAfx.h">
      <Filter>Client</Filter>
    </ClInclude>
    <ClInclude Include="TClient.h">
      <Filter>Client</Filter>
    </ClInclude>
    <ClInclude Include="TClientMsgBox.h">
      <Filter>Client</Filter>
    </ClInclude>
    <ClInclude Include="TClientNICEventSink.h">
      <Filter>Client</Filter>
    </ClInclude>
    <ClInclude Include="TClientWnd.h">
      <Filter>Client</Filter>
    </ClInclude>
    <ClInclude Include="TNationOption.h">
      <Filter>Client</Filter>
    </ClInclude>
    <ClInclude Include="TClientWebCtrl.h">
      <Filter>Client\Web</Filter>
    </ClInclude>
    <ClInclude Include="md5.h">
      <Filter>Client\MD5</Filter>
    </ClInclude>
    <ClInclude Include="TMailSender.h">
      <Filter>Client\Error Handler</Filter>
    </ClInclude>
    <ClInclude Include="TMiniDump.h">
      <Filter>Client\Error Handler</Filter>
    </ClInclude>
    <ClInclude Include="TSystemInfo.h">
      <Filter>Client\Error Handler</Filter>
    </ClInclude>
    <ClInclude Include="PacketSpyAcks.h">
      <Filter>Client\Packet Spy</Filter>
    </ClInclude>
    <ClInclude Include="PacketSpyDlg.h">
      <Filter>Client\Packet Spy</Filter>
    </ClInclude>
    <ClInclude Include="TClientType.h">
      <Filter>Global</Filter>
    </ClInclude>
    <ClInclude Include="IPDialog.h" />
    <ClInclude Include="TClientPath.h" />
    <ClInclude Include="..\Includes\Internals\History Files\TClientID.h">
      <Filter>Lobby</Filter>
    </ClInclude>
    <ClInclude Include="TUIBarDlg.h">
      <Filter>Interface\Utilitybar</Filter>
    </ClInclude>
  </ItemGroup>
</Project>