Microsoft Visual Studio Solution File, Format Version 12.00
# Visual Studio 15
VisualStudioVersion = 15.0.27428.2005
MinimumVisualStudioVersion = 10.0.40219.1
Project("{8BC9CEB8-8B4A-11D0-8D11-00A0C91BC942}") = "TClient", "TClient\TClient.vcxproj", "{0C8C47BD-1181-445F-BB2A-FEE809CBFB8D}"
EndProject
Project("{8BC9CEB8-8B4A-11D0-8D11-00A0C91BC942}") = "TProtocol", "..\TProtocol\TProtocol.vcxproj", "{BA3F0892-64C5-497B-A10C-DAD0CE92B5FC}"
EndProject
Project("{8BC9CEB8-8B4A-11D0-8D11-00A0C91BC942}") = "Engine Lib", "TEngine\Engine Lib\Engine Lib.vcxproj", "{C4A71BAD-3C8E-4F06-B0DB-57DE85FDB0DB}"
EndProject
Project("{8BC9CEB8-8B4A-11D0-8D11-00A0C91BC942}") = "TachyonControl", "TEngine\TachyonControl\TachyonControl.vcxproj", "{E2C72177-CA42-4CF4-BEBF-E78FECB44E0A}"
EndProject
Project("{8BC9CEB8-8B4A-11D0-8D11-00A0C91BC942}") = "TCML", "TEngine\TCML\TCML.vcxproj", "{0438D87F-42E9-4FD3-8F6D-9D14753231B6}"
EndProject
Project("{8BC9CEB8-8B4A-11D0-8D11-00A0C91BC942}") = "TComp", "TEngine\TComp\TComp.vcxproj", "{5636D24E-B947-4D6B-B411-DF09E5C1ED87}"
EndProject
Project("{8BC9CEB8-8B4A-11D0-8D11-00A0C91BC942}") = "TCMLParser", "Tools\TCMLParser\TCMLParser.vcxproj", "{D566EBA1-7E47-4666-A14E-54D4202EFA9C}"
EndProject
Project("{8BC9CEB8-8B4A-11D0-8D11-00A0C91BC942}") = "TChart", "TChart\TChart.vcxproj", "{53979323-78CC-4FBA-9AD3-4DCAF95DB742}"
EndProject
Project("{8BC9CEB8-8B4A-11D0-8D11-00A0C91BC942}") = "TachyonShader", "TEngine\Plugins\TachyonShader\TachyonShader.vcxproj", "{C79359DB-C65F-45D9-9546-EA8EB43D5D1E}"
EndProject
Global
	GlobalSection(SolutionConfigurationPlatforms) = preSolution
		Debug|x86 = Debug|x86
		Hybrid|x86 = Hybrid|x86
		No Build|x86 = No Build|x86
		Release NEW_IF|x86 = Release NEW_IF|x86
		Release|x86 = Release|x86
		Test Release|x86 = Test Release|x86
	EndGlobalSection
	GlobalSection(ProjectConfigurationPlatforms) = postSolution
		{0C8C47BD-1181-445F-BB2A-FEE809CBFB8D}.Debug|x86.ActiveCfg = Debug|Win32
		{0C8C47BD-1181-445F-BB2A-FEE809CBFB8D}.Debug|x86.Build.0 = Debug|Win32
		{0C8C47BD-1181-445F-BB2A-FEE809CBFB8D}.Hybrid|x86.ActiveCfg = Test Release|Win32
		{0C8C47BD-1181-445F-BB2A-FEE809CBFB8D}.Hybrid|x86.Build.0 = Test Release|Win32
		{0C8C47BD-1181-445F-BB2A-FEE809CBFB8D}.No Build|x86.ActiveCfg = Release|Win32
		{0C8C47BD-1181-445F-BB2A-FEE809CBFB8D}.No Build|x86.Build.0 = Release|Win32
		{0C8C47BD-1181-445F-BB2A-FEE809CBFB8D}.Release NEW_IF|x86.ActiveCfg = Release NEW_IF|Win32
		{0C8C47BD-1181-445F-BB2A-FEE809CBFB8D}.Release NEW_IF|x86.Build.0 = Release NEW_IF|Win32
		{0C8C47BD-1181-445F-BB2A-FEE809CBFB8D}.Release|x86.ActiveCfg = Release|Win32
		{0C8C47BD-1181-445F-BB2A-FEE809CBFB8D}.Release|x86.Build.0 = Release|Win32
		{0C8C47BD-1181-445F-BB2A-FEE809CBFB8D}.Test Release|x86.ActiveCfg = Test Release|Win32
		{0C8C47BD-1181-445F-BB2A-FEE809CBFB8D}.Test Release|x86.Build.0 = Test Release|Win32
		{BA3F0892-64C5-497B-A10C-DAD0CE92B5FC}.Debug|x86.ActiveCfg = No Build|Win32
		{BA3F0892-64C5-497B-A10C-DAD0CE92B5FC}.Hybrid|x86.ActiveCfg = No Build|Win32
		{BA3F0892-64C5-497B-A10C-DAD0CE92B5FC}.Hybrid|x86.Build.0 = No Build|Win32
		{BA3F0892-64C5-497B-A10C-DAD0CE92B5FC}.No Build|x86.ActiveCfg = No Build|Win32
		{BA3F0892-64C5-497B-A10C-DAD0CE92B5FC}.No Build|x86.Build.0 = No Build|Win32
		{BA3F0892-64C5-497B-A10C-DAD0CE92B5FC}.Release NEW_IF|x86.ActiveCfg = Release NEW_IF|Win32
		{BA3F0892-64C5-497B-A10C-DAD0CE92B5FC}.Release|x86.ActiveCfg = No Build|Win32
		{BA3F0892-64C5-497B-A10C-DAD0CE92B5FC}.Test Release|x86.ActiveCfg = No Build|Win32
		{C4A71BAD-3C8E-4F06-B0DB-57DE85FDB0DB}.Debug|x86.ActiveCfg = Debug|Win32
		{C4A71BAD-3C8E-4F06-B0DB-57DE85FDB0DB}.Debug|x86.Build.0 = Debug|Win32
		{C4A71BAD-3C8E-4F06-B0DB-57DE85FDB0DB}.Hybrid|x86.ActiveCfg = Test Release|Win32
		{C4A71BAD-3C8E-4F06-B0DB-57DE85FDB0DB}.Hybrid|x86.Build.0 = Test Release|Win32
		{C4A71BAD-3C8E-4F06-B0DB-57DE85FDB0DB}.No Build|x86.ActiveCfg = Release|Win32
		{C4A71BAD-3C8E-4F06-B0DB-57DE85FDB0DB}.No Build|x86.Build.0 = Release|Win32
		{C4A71BAD-3C8E-4F06-B0DB-57DE85FDB0DB}.Release NEW_IF|x86.ActiveCfg = Release NEW_IF|Win32
		{C4A71BAD-3C8E-4F06-B0DB-57DE85FDB0DB}.Release NEW_IF|x86.Build.0 = Release NEW_IF|Win32
		{C4A71BAD-3C8E-4F06-B0DB-57DE85FDB0DB}.Release|x86.ActiveCfg = Release|Win32
		{C4A71BAD-3C8E-4F06-B0DB-57DE85FDB0DB}.Release|x86.Build.0 = Release|Win32
		{C4A71BAD-3C8E-4F06-B0DB-57DE85FDB0DB}.Test Release|x86.ActiveCfg = Test Release|Win32
		{C4A71BAD-3C8E-4F06-B0DB-57DE85FDB0DB}.Test Release|x86.Build.0 = Test Release|Win32
		{E2C72177-CA42-4CF4-BEBF-E78FECB44E0A}.Debug|x86.ActiveCfg = Debug|Win32
		{E2C72177-CA42-4CF4-BEBF-E78FECB44E0A}.Debug|x86.Build.0 = Debug|Win32
		{E2C72177-CA42-4CF4-BEBF-E78FECB44E0A}.Hybrid|x86.ActiveCfg = Release|Win32
		{E2C72177-CA42-4CF4-BEBF-E78FECB44E0A}.Hybrid|x86.Build.0 = Release|Win32
		{E2C72177-CA42-4CF4-BEBF-E78FECB44E0A}.No Build|x86.ActiveCfg = Release|Win32
		{E2C72177-CA42-4CF4-BEBF-E78FECB44E0A}.No Build|x86.Build.0 = Release|Win32
		{E2C72177-CA42-4CF4-BEBF-E78FECB44E0A}.Release NEW_IF|x86.ActiveCfg = Release NEW_IF|Win32
		{E2C72177-CA42-4CF4-BEBF-E78FECB44E0A}.Release NEW_IF|x86.Build.0 = Release NEW_IF|Win32
		{E2C72177-CA42-4CF4-BEBF-E78FECB44E0A}.Release|x86.ActiveCfg = Release|Win32
		{E2C72177-CA42-4CF4-BEBF-E78FECB44E0A}.Release|x86.Build.0 = Release|Win32
		{E2C72177-CA42-4CF4-BEBF-E78FECB44E0A}.Test Release|x86.ActiveCfg = Release|Win32
		{E2C72177-CA42-4CF4-BEBF-E78FECB44E0A}.Test Release|x86.Build.0 = Release|Win32
		{0438D87F-42E9-4FD3-8F6D-9D14753231B6}.Debug|x86.ActiveCfg = Debug|Win32
		{0438D87F-42E9-4FD3-8F6D-9D14753231B6}.Debug|x86.Build.0 = Debug|Win32
		{0438D87F-42E9-4FD3-8F6D-9D14753231B6}.Hybrid|x86.ActiveCfg = Debug|Win32
		{0438D87F-42E9-4FD3-8F6D-9D14753231B6}.Hybrid|x86.Build.0 = Debug|Win32
		{0438D87F-42E9-4FD3-8F6D-9D14753231B6}.No Build|x86.ActiveCfg = Release|Win32
		{0438D87F-42E9-4FD3-8F6D-9D14753231B6}.No Build|x86.Build.0 = Release|Win32
		{0438D87F-42E9-4FD3-8F6D-9D14753231B6}.Release NEW_IF|x86.ActiveCfg = Release NEW_IF|Win32
		{0438D87F-42E9-4FD3-8F6D-9D14753231B6}.Release NEW_IF|x86.Build.0 = Release NEW_IF|Win32
		{0438D87F-42E9-4FD3-8F6D-9D14753231B6}.Release|x86.ActiveCfg = Release|Win32
		{0438D87F-42E9-4FD3-8F6D-9D14753231B6}.Release|x86.Build.0 = Release|Win32
		{0438D87F-42E9-4FD3-8F6D-9D14753231B6}.Test Release|x86.ActiveCfg = Release|Win32
		{0438D87F-42E9-4FD3-8F6D-9D14753231B6}.Test Release|x86.Build.0 = Release|Win32
		{5636D24E-B947-4D6B-B411-DF09E5C1ED87}.Debug|x86.ActiveCfg = Debug|Win32
		{5636D24E-B947-4D6B-B411-DF09E5C1ED87}.Debug|x86.Build.0 = Debug|Win32
		{5636D24E-B947-4D6B-B411-DF09E5C1ED87}.Hybrid|x86.ActiveCfg = Test Release|Win32
		{5636D24E-B947-4D6B-B411-DF09E5C1ED87}.Hybrid|x86.Build.0 = Test Release|Win32
		{5636D24E-B947-4D6B-B411-DF09E5C1ED87}.No Build|x86.ActiveCfg = Release|Win32
		{5636D24E-B947-4D6B-B411-DF09E5C1ED87}.No Build|x86.Build.0 = Release|Win32
		{5636D24E-B947-4D6B-B411-DF09E5C1ED87}.Release NEW_IF|x86.ActiveCfg = Release NEW_IF|Win32
		{5636D24E-B947-4D6B-B411-DF09E5C1ED87}.Release NEW_IF|x86.Build.0 = Release NEW_IF|Win32
		{5636D24E-B947-4D6B-B411-DF09E5C1ED87}.Release|x86.ActiveCfg = Release|Win32
		{5636D24E-B947-4D6B-B411-DF09E5C1ED87}.Release|x86.Build.0 = Release|Win32
		{5636D24E-B947-4D6B-B411-DF09E5C1ED87}.Test Release|x86.ActiveCfg = Test Release|Win32
		{5636D24E-B947-4D6B-B411-DF09E5C1ED87}.Test Release|x86.Build.0 = Test Release|Win32
		{D566EBA1-7E47-4666-A14E-54D4202EFA9C}.Debug|x86.ActiveCfg = Debug|Win32
		{D566EBA1-7E47-4666-A14E-54D4202EFA9C}.Debug|x86.Build.0 = Debug|Win32
		{D566EBA1-7E47-4666-A14E-54D4202EFA9C}.Hybrid|x86.ActiveCfg = Release|Win32
		{D566EBA1-7E47-4666-A14E-54D4202EFA9C}.Hybrid|x86.Build.0 = Release|Win32
		{D566EBA1-7E47-4666-A14E-54D4202EFA9C}.No Build|x86.ActiveCfg = Release|Win32
		{D566EBA1-7E47-4666-A14E-54D4202EFA9C}.No Build|x86.Build.0 = Release|Win32
		{D566EBA1-7E47-4666-A14E-54D4202EFA9C}.Release NEW_IF|x86.ActiveCfg = Release NEW_IF|Win32
		{D566EBA1-7E47-4666-A14E-54D4202EFA9C}.Release NEW_IF|x86.Build.0 = Release NEW_IF|Win32
		{D566EBA1-7E47-4666-A14E-54D4202EFA9C}.Release|x86.ActiveCfg = Release|Win32
		{D566EBA1-7E47-4666-A14E-54D4202EFA9C}.Release|x86.Build.0 = Release|Win32
		{D566EBA1-7E47-4666-A14E-54D4202EFA9C}.Test Release|x86.ActiveCfg = Release|Win32
		{D566EBA1-7E47-4666-A14E-54D4202EFA9C}.Test Release|x86.Build.0 = Release|Win32
		{53979323-78CC-4FBA-9AD3-4DCAF95DB742}.Debug|x86.ActiveCfg = Debug|Win32
		{53979323-78CC-4FBA-9AD3-4DCAF95DB742}.Debug|x86.Build.0 = Debug|Win32
		{53979323-78CC-4FBA-9AD3-4DCAF95DB742}.Hybrid|x86.ActiveCfg = Release|Win32
		{53979323-78CC-4FBA-9AD3-4DCAF95DB742}.Hybrid|x86.Build.0 = Release|Win32
		{53979323-78CC-4FBA-9AD3-4DCAF95DB742}.No Build|x86.ActiveCfg = Release|Win32
		{53979323-78CC-4FBA-9AD3-4DCAF95DB742}.No Build|x86.Build.0 = Release|Win32
		{53979323-78CC-4FBA-9AD3-4DCAF95DB742}.Release NEW_IF|x86.ActiveCfg = Release NEW_IF|Win32
		{53979323-78CC-4FBA-9AD3-4DCAF95DB742}.Release NEW_IF|x86.Build.0 = Release NEW_IF|Win32
		{53979323-78CC-4FBA-9AD3-4DCAF95DB742}.Release|x86.ActiveCfg = Release|Win32
		{53979323-78CC-4FBA-9AD3-4DCAF95DB742}.Release|x86.Build.0 = Release|Win32
		{53979323-78CC-4FBA-9AD3-4DCAF95DB742}.Test Release|x86.ActiveCfg = Release|Win32
		{53979323-78CC-4FBA-9AD3-4DCAF95DB742}.Test Release|x86.Build.0 = Release|Win32
		{C79359DB-C65F-45D9-9546-EA8EB43D5D1E}.Debug|x86.ActiveCfg = Debug|Win32
		{C79359DB-C65F-45D9-9546-EA8EB43D5D1E}.Debug|x86.Build.0 = Debug|Win32
		{C79359DB-C65F-45D9-9546-EA8EB43D5D1E}.Hybrid|x86.ActiveCfg = Hybrid|Win32
		{C79359DB-C65F-45D9-9546-EA8EB43D5D1E}.Hybrid|x86.Build.0 = Hybrid|Win32
		{C79359DB-C65F-45D9-9546-EA8EB43D5D1E}.No Build|x86.ActiveCfg = Release|Win32
		{C79359DB-C65F-45D9-9546-EA8EB43D5D1E}.No Build|x86.Build.0 = Release|Win32
		{C79359DB-C65F-45D9-9546-EA8EB43D5D1E}.Release NEW_IF|x86.ActiveCfg = Release NEW_IF|Win32
		{C79359DB-C65F-45D9-9546-EA8EB43D5D1E}.Release NEW_IF|x86.Build.0 = Release NEW_IF|Win32
		{C79359DB-C65F-45D9-9546-EA8EB43D5D1E}.Release|x86.ActiveCfg = Release|Win32
		{C79359DB-C65F-45D9-9546-EA8EB43D5D1E}.Release|x86.Build.0 = Release|Win32
		{C79359DB-C65F-45D9-9546-EA8EB43D5D1E}.Test Release|x86.ActiveCfg = Release|Win32
		{C79359DB-C65F-45D9-9546-EA8EB43D5D1E}.Test Release|x86.Build.0 = Release|Win32
	EndGlobalSection
	GlobalSection(SolutionProperties) = preSolution
		HideSolutionNode = FALSE
	EndGlobalSection
	GlobalSection(ExtensibilityGlobals) = postSolution
		SolutionGuid = {4FEAD068-4AE4-46B4-B66E-9C8FAD792BAC}
	EndGlobalSection
EndGlobal
