<?xml version="1.0" encoding="utf-8"?>
<Project ToolsVersion="4.0" xmlns="http://schemas.microsoft.com/developer/msbuild/2003">
  <ItemGroup>
    <Filter Include="Ressources">
      <UniqueIdentifier>{67DA6AB6-F800-4c08-8B7A-83BB121AAD01}</UniqueIdentifier>
      <Extensions>rc;ico;cur;bmp;dlg;rc2;rct;bin;rgs;gif;jpg;jpeg;jpe;resx</Extensions>
    </Filter>
    <Filter Include="Generated">
      <UniqueIdentifier>{30df71a6-f507-47cd-81a2-effd5f47f82e}</UniqueIdentifier>
      <SourceControlFiles>False</SourceControlFiles>
    </Filter>
    <Filter Include="Sources">
      <UniqueIdentifier>{4FC737F1-C7A5-4376-A066-2A32D752A2FF}</UniqueIdentifier>
      <Extensions>cpp;c;cxx;def;odl;idl;hpj;bat;asm;asmx</Extensions>
    </Filter>
    <Filter Include="Headers">
      <UniqueIdentifier>{93995380-89BD-4b04-88EB-625FBE52EBFB}</UniqueIdentifier>
      <Extensions>h;hpp;hxx;hm;inl;inc;xsd</Extensions>
    </Filter>
  </ItemGroup>
  <ItemGroup>
    <ClCompile Include="BindDesc.cpp">
      <Filter>Sources</Filter>
    </ClCompile>
    <ClCompile Include="DBAccess.cpp">
      <Filter>Sources</Filter>
    </ClCompile>
    <ClCompile Include="Handler.cpp">
      <Filter>Sources</Filter>
    </ClCompile>
    <ClCompile Include="Packet.cpp">
      <Filter>Sources</Filter>
    </ClCompile>
    <ClCompile Include="Sender.cpp">
      <Filter>Sources</Filter>
    </ClCompile>
    <ClCompile Include="Session.cpp">
      <Filter>Sources</Filter>
    </ClCompile>
    <ClCompile Include="SqlBase.cpp">
      <Filter>Sources</Filter>
    </ClCompile>
    <ClCompile Include="SqlDatabase.cpp">
      <Filter>Sources</Filter>
    </ClCompile>
    <ClCompile Include="SqlDirect.cpp">
      <Filter>Sources</Filter>
    </ClCompile>
    <ClCompile Include="SqlQuery.cpp">
      <Filter>Sources</Filter>
    </ClCompile>
    <ClCompile Include="stdafx.cpp">
      <Filter>Sources</Filter>
    </ClCompile>
    <ClCompile Include="TPatchSession.cpp">
      <Filter>Sources</Filter>
    </ClCompile>
    <ClCompile Include="TPatchSvr.cpp">
      <Filter>Sources</Filter>
    </ClCompile>
    <ClCompile Include="TPatchSvr_i.c">
      <Filter>Generated</Filter>
    </ClCompile>
  </ItemGroup>
  <ItemGroup>
    <Midl Include="TPatchSvr.idl">
      <Filter>Sources</Filter>
    </Midl>
  </ItemGroup>
  <ItemGroup>
    <ClInclude Include="BindDesc.h">
      <Filter>Headers</Filter>
    </ClInclude>
    <ClInclude Include="DBAccess.h">
      <Filter>Headers</Filter>
    </ClInclude>
    <ClInclude Include="ErrorCode.h">
      <Filter>Headers</Filter>
    </ClInclude>
    <ClInclude Include="Packet.h">
      <Filter>Headers</Filter>
    </ClInclude>
    <ClInclude Include="Resource.h">
      <Filter>Headers</Filter>
    </ClInclude>
    <ClInclude Include="Session.h">
      <Filter>Headers</Filter>
    </ClInclude>
    <ClInclude Include="SqlBase.h">
      <Filter>Headers</Filter>
    </ClInclude>
    <ClInclude Include="SqlDatabase.h">
      <Filter>Headers</Filter>
    </ClInclude>
    <ClInclude Include="SqlDirect.h">
      <Filter>Headers</Filter>
    </ClInclude>
    <ClInclude Include="SqlQuery.h">
      <Filter>Headers</Filter>
    </ClInclude>
    <ClInclude Include="stdafx.h">
      <Filter>Headers</Filter>
    </ClInclude>
    <ClInclude Include="TNetDef.h">
      <Filter>Headers</Filter>
    </ClInclude>
    <ClInclude Include="TNetLib.h">
      <Filter>Headers</Filter>
    </ClInclude>
    <ClInclude Include="TPatchSession.h">
      <Filter>Headers</Filter>
    </ClInclude>
    <ClInclude Include="TPatchSvrModule.h">
      <Filter>Headers</Filter>
    </ClInclude>
    <ClInclude Include="TPatchType.h">
      <Filter>Headers</Filter>
    </ClInclude>
  </ItemGroup>
  <ItemGroup>
    <ResourceCompile Include="TPatchSvr.rc">
      <Filter>Ressources</Filter>
    </ResourceCompile>
  </ItemGroup>
  <ItemGroup>
    <None Include="TPatchSvr.rgs">
      <Filter>Ressources</Filter>
    </None>
  </ItemGroup>
  <ItemGroup>
    <Text Include="ReadMe.txt" />
  </ItemGroup>
  <ItemGroup>
    <Image Include="..\TServerSystem\res\TServer_Debug.ico">
      <Filter>Ressources</Filter>
    </Image>
    <Image Include="..\TServerSystem\res\TServer_Release.ico">
      <Filter>Ressources</Filter>
    </Image>
  </ItemGroup>
</Project>