<?xml version="1.0" encoding="utf-8"?>
<Project ToolsVersion="4.0" xmlns="http://schemas.microsoft.com/developer/msbuild/2003">
  <ItemGroup>
    <Filter Include="Source Files">
      <UniqueIdentifier>{fdb2998e-2df9-4b47-8646-457c43dec159}</UniqueIdentifier>
      <Extensions>cpp;c;cxx;rc;def;r;odl;idl;hpj;bat</Extensions>
    </Filter>
    <Filter Include="Header Files">
      <UniqueIdentifier>{d2e768a0-1029-4c1e-8aeb-f5926b4f6ae9}</UniqueIdentifier>
      <Extensions>h;hpp;hxx;hm;inl</Extensions>
    </Filter>
  </ItemGroup>
  <ItemGroup>
    <ClCompile Include="GDIFont.cpp">
      <Filter>Source Files</Filter>
    </ClCompile>
    <ClCompile Include="StdAfx.cpp">
      <Filter>Source Files</Filter>
    </ClCompile>
    <ClCompile Include="TButton.cpp">
      <Filter>Source Files</Filter>
    </ClCompile>
    <ClCompile Include="TCombo.cpp">
      <Filter>Source Files</Filter>
    </ClCompile>
    <ClCompile Include="TComp.cpp">
      <Filter>Source Files</Filter>
    </ClCompile>
    <ClCompile Include="TComponent.cpp">
      <Filter>Source Files</Filter>
    </ClCompile>
    <ClCompile Include="TEdit.cpp">
      <Filter>Source Files</Filter>
    </ClCompile>
    <ClCompile Include="TFrame.cpp">
      <Filter>Source Files</Filter>
    </ClCompile>
    <ClCompile Include="TGauge.cpp">
      <Filter>Source Files</Filter>
    </ClCompile>
    <ClCompile Include="THtmlDocWnd.cpp">
      <Filter>Source Files</Filter>
    </ClCompile>
    <ClCompile Include="THttpCtrl.cpp">
      <Filter>Source Files</Filter>
    </ClCompile>
    <ClCompile Include="TImageList.cpp">
      <Filter>Source Files</Filter>
    </ClCompile>
    <ClCompile Include="TList.cpp">
      <Filter>Source Files</Filter>
    </ClCompile>
    <ClCompile Include="TListItem.cpp">
      <Filter>Source Files</Filter>
    </ClCompile>
    <ClCompile Include="TMeter.cpp">
      <Filter>Source Files</Filter>
    </ClCompile>
    <ClCompile Include="TMultiLineEdit.cpp">
      <Filter>Source Files</Filter>
    </ClCompile>
    <ClCompile Include="TOccManager.cpp">
      <Filter>Source Files</Filter>
    </ClCompile>
    <ClCompile Include="TScroll.cpp">
      <Filter>Source Files</Filter>
    </ClCompile>
    <ClCompile Include="TTabCtrl.cpp">
      <Filter>Source Files</Filter>
    </ClCompile>
    <ClCompile Include="TToolTip.cpp">
      <Filter>Source Files</Filter>
    </ClCompile>
  </ItemGroup>
  <ItemGroup>
    <ClInclude Include="GDIFont.h">
      <Filter>Header Files</Filter>
    </ClInclude>
    <ClInclude Include="StdAfx.h">
      <Filter>Header Files</Filter>
    </ClInclude>
    <ClInclude Include="TButton.h">
      <Filter>Header Files</Filter>
    </ClInclude>
    <ClInclude Include="TCandidate.h">
      <Filter>Header Files</Filter>
    </ClInclude>
    <ClInclude Include="TCombo.h">
      <Filter>Header Files</Filter>
    </ClInclude>
    <ClInclude Include="TComp.h">
      <Filter>Header Files</Filter>
    </ClInclude>
    <ClInclude Include="TComponent.h">
      <Filter>Header Files</Filter>
    </ClInclude>
    <ClInclude Include="TEdit.h">
      <Filter>Header Files</Filter>
    </ClInclude>
    <ClInclude Include="TFrame.h">
      <Filter>Header Files</Filter>
    </ClInclude>
    <ClInclude Include="TGauge.h">
      <Filter>Header Files</Filter>
    </ClInclude>
    <ClInclude Include="THtmlDocWnd.h">
      <Filter>Header Files</Filter>
    </ClInclude>
    <ClInclude Include="THttpCtrl.h">
      <Filter>Header Files</Filter>
    </ClInclude>
    <ClInclude Include="TImageList.h">
      <Filter>Header Files</Filter>
    </ClInclude>
    <ClInclude Include="TList.h">
      <Filter>Header Files</Filter>
    </ClInclude>
    <ClInclude Include="TListItem.h">
      <Filter>Header Files</Filter>
    </ClInclude>
    <ClInclude Include="TMeter.h">
      <Filter>Header Files</Filter>
    </ClInclude>
    <ClInclude Include="TMultiLineEdit.h">
      <Filter>Header Files</Filter>
    </ClInclude>
    <ClInclude Include="TOccManager.h">
      <Filter>Header Files</Filter>
    </ClInclude>
    <ClInclude Include="TScroll.h">
      <Filter>Header Files</Filter>
    </ClInclude>
    <ClInclude Include="TTabCtrl.h">
      <Filter>Header Files</Filter>
    </ClInclude>
    <ClInclude Include="TToolTip.h">
      <Filter>Header Files</Filter>
    </ClInclude>
  </ItemGroup>
</Project>