Microsoft Visual Studio Solution File, Format Version 12.00
# Visual Studio 15
VisualStudioVersion = 15.0.27428.2005
MinimumVisualStudioVersion = 10.0.40219.1
Project("{8BC9CEB8-8B4A-11D0-8D11-00A0C91BC942}") = "TNetLib", "TNetLib\TNetLib.vcxproj", "{C8A6200C-3257-4B16-90F6-6D35B62A6A39}"
	ProjectSection(ProjectDependencies) = postProject
		{9694ED3A-1004-4122-B767-3EB7B27A9990} = {9694ED3A-1004-4122-B767-3EB7B27A9990}
	EndProjectSection
EndProject
Project("{8BC9CEB8-8B4A-11D0-8D11-00A0C91BC942}") = "TPatchSvr", "TPatchSvr\TPatchSvr.vcxproj", "{96AD22E7-DE88-4902-9A10-12C356FEDAC8}"
	ProjectSection(ProjectDependencies) = postProject
		{C8A6200C-3257-4B16-90F6-6D35B62A6A39} = {C8A6200C-3257-4B16-90F6-6D35B62A6A39}
		{9694ED3A-1004-4122-B767-3EB7B27A9990} = {9694ED3A-1004-4122-B767-3EB7B27A9990}
	EndProjectSection
EndProject
Project("{8BC9CEB8-8B4A-11D0-8D11-00A0C91BC942}") = "TRelaySvr", "TRelaySvr\TRelaySvr.vcxproj", "{FFA27E87-2307-44EA-BFB1-B6F5CE73D566}"
	ProjectSection(ProjectDependencies) = postProject
		{C8A6200C-3257-4B16-90F6-6D35B62A6A39} = {C8A6200C-3257-4B16-90F6-6D35B62A6A39}
		{9694ED3A-1004-4122-B767-3EB7B27A9990} = {9694ED3A-1004-4122-B767-3EB7B27A9990}
	EndProjectSection
EndProject
Project("{8BC9CEB8-8B4A-11D0-8D11-00A0C91BC942}") = "TControlSvr", "TControlSvr\TControlSvr.vcxproj", "{B69C3BF5-5AAA-4F0E-BF1D-43ABAFF04EC1}"
	ProjectSection(ProjectDependencies) = postProject
		{C8A6200C-3257-4B16-90F6-6D35B62A6A39} = {C8A6200C-3257-4B16-90F6-6D35B62A6A39}
		{9694ED3A-1004-4122-B767-3EB7B27A9990} = {9694ED3A-1004-4122-B767-3EB7B27A9990}
	EndProjectSection
EndProject
Project("{8BC9CEB8-8B4A-11D0-8D11-00A0C91BC942}") = "TLoginSvr", "TLoginSvr\TLoginSvr.vcxproj", "{3668A95C-EBD3-47E4-BE13-0E2761B1A60E}"
	ProjectSection(ProjectDependencies) = postProject
		{C8A6200C-3257-4B16-90F6-6D35B62A6A39} = {C8A6200C-3257-4B16-90F6-6D35B62A6A39}
		{9694ED3A-1004-4122-B767-3EB7B27A9990} = {9694ED3A-1004-4122-B767-3EB7B27A9990}
	EndProjectSection
EndProject
Project("{8BC9CEB8-8B4A-11D0-8D11-00A0C91BC942}") = "TMapSvr", "TMapSvr\TMapSvr.vcxproj", "{E11BEA9A-DE53-4F16-9BF8-64BF1591B846}"
	ProjectSection(ProjectDependencies) = postProject
		{C8A6200C-3257-4B16-90F6-6D35B62A6A39} = {C8A6200C-3257-4B16-90F6-6D35B62A6A39}
		{9694ED3A-1004-4122-B767-3EB7B27A9990} = {9694ED3A-1004-4122-B767-3EB7B27A9990}
	EndProjectSection
EndProject
Project("{8BC9CEB8-8B4A-11D0-8D11-00A0C91BC942}") = "TWorldSvr", "TWorldSvr\TWorldSvr.vcxproj", "{7D40C09E-18A8-4E11-9D2A-5FE4DB7E3EC7}"
	ProjectSection(ProjectDependencies) = postProject
		{C8A6200C-3257-4B16-90F6-6D35B62A6A39} = {C8A6200C-3257-4B16-90F6-6D35B62A6A39}
		{9694ED3A-1004-4122-B767-3EB7B27A9990} = {9694ED3A-1004-4122-B767-3EB7B27A9990}
	EndProjectSection
EndProject
Project("{8BC9CEB8-8B4A-11D0-8D11-00A0C91BC942}") = "TServerSystem", "TServerSystem\TServerSystem.vcxproj", "{9694ED3A-1004-4122-B767-3EB7B27A9990}"
EndProject
Global
	GlobalSection(SolutionConfigurationPlatforms) = preSolution
		Debug|x64 = Debug|x64
		Debug|x86 = Debug|x86
		Release|x64 = Release|x64
		Release|x86 = Release|x86
	EndGlobalSection
	GlobalSection(ProjectConfigurationPlatforms) = postSolution
		{C8A6200C-3257-4B16-90F6-6D35B62A6A39}.Debug|x64.ActiveCfg = Debug|Win32
		{C8A6200C-3257-4B16-90F6-6D35B62A6A39}.Debug|x86.ActiveCfg = Debug|Win32
		{C8A6200C-3257-4B16-90F6-6D35B62A6A39}.Debug|x86.Build.0 = Debug|Win32
		{C8A6200C-3257-4B16-90F6-6D35B62A6A39}.Release|x64.ActiveCfg = Release|Win32
		{C8A6200C-3257-4B16-90F6-6D35B62A6A39}.Release|x86.ActiveCfg = Release|Win32
		{C8A6200C-3257-4B16-90F6-6D35B62A6A39}.Release|x86.Build.0 = Release|Win32
		{96AD22E7-DE88-4902-9A10-12C356FEDAC8}.Debug|x64.ActiveCfg = Debug|Win32
		{96AD22E7-DE88-4902-9A10-12C356FEDAC8}.Debug|x86.ActiveCfg = Debug|Win32
		{96AD22E7-DE88-4902-9A10-12C356FEDAC8}.Debug|x86.Build.0 = Debug|Win32
		{96AD22E7-DE88-4902-9A10-12C356FEDAC8}.Release|x64.ActiveCfg = Release|Win32
		{96AD22E7-DE88-4902-9A10-12C356FEDAC8}.Release|x86.ActiveCfg = Release|Win32
		{96AD22E7-DE88-4902-9A10-12C356FEDAC8}.Release|x86.Build.0 = Release|Win32
		{FFA27E87-2307-44EA-BFB1-B6F5CE73D566}.Debug|x64.ActiveCfg = Debug|Win32
		{FFA27E87-2307-44EA-BFB1-B6F5CE73D566}.Debug|x86.ActiveCfg = Debug|Win32
		{FFA27E87-2307-44EA-BFB1-B6F5CE73D566}.Debug|x86.Build.0 = Debug|Win32
		{FFA27E87-2307-44EA-BFB1-B6F5CE73D566}.Release|x64.ActiveCfg = Release|Win32
		{FFA27E87-2307-44EA-BFB1-B6F5CE73D566}.Release|x86.ActiveCfg = Release|Win32
		{FFA27E87-2307-44EA-BFB1-B6F5CE73D566}.Release|x86.Build.0 = Release|Win32
		{B69C3BF5-5AAA-4F0E-BF1D-43ABAFF04EC1}.Debug|x64.ActiveCfg = Debug|Win32
		{B69C3BF5-5AAA-4F0E-BF1D-43ABAFF04EC1}.Debug|x86.ActiveCfg = Debug|Win32
		{B69C3BF5-5AAA-4F0E-BF1D-43ABAFF04EC1}.Debug|x86.Build.0 = Debug|Win32
		{B69C3BF5-5AAA-4F0E-BF1D-43ABAFF04EC1}.Release|x64.ActiveCfg = Release|Win32
		{B69C3BF5-5AAA-4F0E-BF1D-43ABAFF04EC1}.Release|x86.ActiveCfg = Release|Win32
		{B69C3BF5-5AAA-4F0E-BF1D-43ABAFF04EC1}.Release|x86.Build.0 = Release|Win32
		{3668A95C-EBD3-47E4-BE13-0E2761B1A60E}.Debug|x64.ActiveCfg = Debug|Win32
		{3668A95C-EBD3-47E4-BE13-0E2761B1A60E}.Debug|x86.ActiveCfg = Debug|Win32
		{3668A95C-EBD3-47E4-BE13-0E2761B1A60E}.Debug|x86.Build.0 = Debug|Win32
		{3668A95C-EBD3-47E4-BE13-0E2761B1A60E}.Release|x64.ActiveCfg = Release|Win32
		{3668A95C-EBD3-47E4-BE13-0E2761B1A60E}.Release|x86.ActiveCfg = Release|Win32
		{3668A95C-EBD3-47E4-BE13-0E2761B1A60E}.Release|x86.Build.0 = Release|Win32
		{E11BEA9A-DE53-4F16-9BF8-64BF1591B846}.Debug|x64.ActiveCfg = Debug|Win32
		{E11BEA9A-DE53-4F16-9BF8-64BF1591B846}.Debug|x86.ActiveCfg = Debug|Win32
		{E11BEA9A-DE53-4F16-9BF8-64BF1591B846}.Debug|x86.Build.0 = Debug|Win32
		{E11BEA9A-DE53-4F16-9BF8-64BF1591B846}.Release|x64.ActiveCfg = Release|Win32
		{E11BEA9A-DE53-4F16-9BF8-64BF1591B846}.Release|x86.ActiveCfg = Release|Win32
		{E11BEA9A-DE53-4F16-9BF8-64BF1591B846}.Release|x86.Build.0 = Release|Win32
		{7D40C09E-18A8-4E11-9D2A-5FE4DB7E3EC7}.Debug|x64.ActiveCfg = Debug|Win32
		{7D40C09E-18A8-4E11-9D2A-5FE4DB7E3EC7}.Debug|x86.ActiveCfg = Debug|Win32
		{7D40C09E-18A8-4E11-9D2A-5FE4DB7E3EC7}.Debug|x86.Build.0 = Debug|Win32
		{7D40C09E-18A8-4E11-9D2A-5FE4DB7E3EC7}.Release|x64.ActiveCfg = Release|Win32
		{7D40C09E-18A8-4E11-9D2A-5FE4DB7E3EC7}.Release|x86.ActiveCfg = Release|Win32
		{7D40C09E-18A8-4E11-9D2A-5FE4DB7E3EC7}.Release|x86.Build.0 = Release|Win32
		{9694ED3A-1004-4122-B767-3EB7B27A9990}.Debug|x64.ActiveCfg = Debug|x64
		{9694ED3A-1004-4122-B767-3EB7B27A9990}.Debug|x64.Build.0 = Debug|x64
		{9694ED3A-1004-4122-B767-3EB7B27A9990}.Debug|x86.ActiveCfg = Debug|Win32
		{9694ED3A-1004-4122-B767-3EB7B27A9990}.Debug|x86.Build.0 = Debug|Win32
		{9694ED3A-1004-4122-B767-3EB7B27A9990}.Release|x64.ActiveCfg = Release|x64
		{9694ED3A-1004-4122-B767-3EB7B27A9990}.Release|x64.Build.0 = Release|x64
		{9694ED3A-1004-4122-B767-3EB7B27A9990}.Release|x86.ActiveCfg = Release|Win32
		{9694ED3A-1004-4122-B767-3EB7B27A9990}.Release|x86.Build.0 = Release|Win32
	EndGlobalSection
	GlobalSection(SolutionProperties) = preSolution
		HideSolutionNode = FALSE
	EndGlobalSection
	GlobalSection(ExtensibilityGlobals) = postSolution
		SolutionGuid = {AB52F7BB-3622-40CA-9375-31BC1FDC07B6}
	EndGlobalSection
EndGlobal
