<?xml version="1.0" encoding="utf-8"?>
<Project ToolsVersion="4.0" xmlns="http://schemas.microsoft.com/developer/msbuild/2003">
  <ItemGroup>
    <Filter Include="Ressources">
      <UniqueIdentifier>{67DA6AB6-F800-4c08-8B7A-83BB121AAD01}</UniqueIdentifier>
      <Extensions>rc;ico;cur;bmp;dlg;rc2;rct;bin;rgs;gif;jpg;jpeg;jpe;resx</Extensions>
    </Filter>
    <Filter Include="Generated">
      <UniqueIdentifier>{a5536cb4-e10a-484a-80b0-0612a10d3b00}</UniqueIdentifier>
      <SourceControlFiles>False</SourceControlFiles>
    </Filter>
    <Filter Include="Sources">
      <UniqueIdentifier>{4FC737F1-C7A5-4376-A066-2A32D752A2FF}</UniqueIdentifier>
      <Extensions>cpp;c;cxx;def;odl;idl;hpj;bat;asm;asmx</Extensions>
    </Filter>
    <Filter Include="Headers">
      <UniqueIdentifier>{93995380-89BD-4b04-88EB-625FBE52EBFB}</UniqueIdentifier>
      <Extensions>h;hpp;hxx;hm;inl;inc;xsd</Extensions>
    </Filter>
  </ItemGroup>
  <ItemGroup>
    <ClCompile Include="DBAccess.cpp">
      <Filter>Sources</Filter>
    </ClCompile>
    <ClCompile Include="DMSender.cpp">
      <Filter>Sources</Filter>
    </ClCompile>
    <ClCompile Include="RWHandler.cpp">
      <Filter>Sources</Filter>
    </ClCompile>
    <ClCompile Include="RWSender.cpp">
      <Filter>Sources</Filter>
    </ClCompile>
    <ClCompile Include="SSHandler.cpp">
      <Filter>Sources</Filter>
    </ClCompile>
    <ClCompile Include="SSSender.cpp">
      <Filter>Sources</Filter>
    </ClCompile>
    <ClCompile Include="stdafx.cpp">
      <Filter>Sources</Filter>
    </ClCompile>
    <ClCompile Include="TCorps.cpp">
      <Filter>Sources</Filter>
    </ClCompile>
    <ClCompile Include="TGuild.cpp">
      <Filter>Sources</Filter>
    </ClCompile>
    <ClCompile Include="TMiniDump.cpp">
      <Filter>Sources</Filter>
    </ClCompile>
    <ClCompile Include="TParty.cpp">
      <Filter>Sources</Filter>
    </ClCompile>
    <ClCompile Include="TServer.cpp">
      <Filter>Sources</Filter>
    </ClCompile>
    <ClCompile Include="TWorldSession.cpp">
      <Filter>Sources</Filter>
    </ClCompile>
    <ClCompile Include="TWorldSvr.cpp">
      <Filter>Sources</Filter>
    </ClCompile>
    <ClCompile Include="TWorldSvr_i.c">
      <Filter>Generated</Filter>
    </ClCompile>
  </ItemGroup>
  <ItemGroup>
    <Midl Include="TWorldSvr.idl">
      <Filter>Sources</Filter>
    </Midl>
  </ItemGroup>
  <ItemGroup>
    <ClInclude Include="DBAccess.h">
      <Filter>Headers</Filter>
    </ClInclude>
    <ClInclude Include="Resource.h">
      <Filter>Headers</Filter>
    </ClInclude>
    <ClInclude Include="stdafx.h">
      <Filter>Headers</Filter>
    </ClInclude>
    <ClInclude Include="TCorps.h">
      <Filter>Headers</Filter>
    </ClInclude>
    <ClInclude Include="TGuild.h">
      <Filter>Headers</Filter>
    </ClInclude>
    <ClInclude Include="TMiniDump.h">
      <Filter>Headers</Filter>
    </ClInclude>
    <ClInclude Include="TParty.h">
      <Filter>Headers</Filter>
    </ClInclude>
    <ClInclude Include="TServer.h">
      <Filter>Headers</Filter>
    </ClInclude>
    <ClInclude Include="TWorldSession.h">
      <Filter>Headers</Filter>
    </ClInclude>
    <ClInclude Include="TWorldSvrModule.h">
      <Filter>Headers</Filter>
    </ClInclude>
    <ClInclude Include="TWorldType.h">
      <Filter>Headers</Filter>
    </ClInclude>
  </ItemGroup>
  <ItemGroup>
    <ResourceCompile Include="TWorldSvr.rc">
      <Filter>Ressources</Filter>
    </ResourceCompile>
  </ItemGroup>
  <ItemGroup>
    <None Include="TWorldSvr.rgs">
      <Filter>Ressources</Filter>
    </None>
  </ItemGroup>
  <ItemGroup>
    <Image Include="..\TServerSystem\res\TServer_Debug.ico">
      <Filter>Ressources</Filter>
    </Image>
    <Image Include="..\TServerSystem\res\TServer_Release.ico">
      <Filter>Ressources</Filter>
    </Image>
  </ItemGroup>
</Project>